// !$*UTF8*$!
{
	archiveVersion = 1;
	classes = {
	};
	objectVersion = 46;
	objects = {

/* Begin PBXBuildFile section */
		6446967769ADC51067454314 /* Pods.framework in Frameworks */ = {isa = PBXBuildFile; fileRef = 66B901E96A6ABBA0173A0560 /* Pods.framework */; settings = {ATTRIBUTES = (Weak, ); }; };
		DB08F63F1BBC28F8005DBC6B /* Bangumi_MUITests.swift in Sources */ = {isa = PBXBuildFile; fileRef = DB08F63E1BBC28F8005DBC6B /* Bangumi_MUITests.swift */; };
		DB18C8B01B0A2ABD00A0BA11 /* KeychainWrapper.m in Sources */ = {isa = PBXBuildFile; fileRef = DB18C8AF1B0A2ABD00A0BA11 /* KeychainWrapper.m */; };
		DB33F10F1B8A97A800976CD6 /* AboutViewController.swift in Sources */ = {isa = PBXBuildFile; fileRef = DB33F10E1B8A97A800976CD6 /* AboutViewController.swift */; };
		DB3C7F141C44B52E0092FD82 /* UIDevice.swift in Sources */ = {isa = PBXBuildFile; fileRef = DB3C7F131C44B52E0092FD82 /* UIDevice.swift */; };
		DB43BD981B0E33ED003477C7 /* AnimeDetailTableViewCell.swift in Sources */ = {isa = PBXBuildFile; fileRef = DB43BD961B0E33ED003477C7 /* AnimeDetailTableViewCell.swift */; };
		DB4C765D1B7DF0FA00B5E921 /* FavoritesTableViewCellDelegate.swift in Sources */ = {isa = PBXBuildFile; fileRef = DB4C765C1B7DF0FA00B5E921 /* FavoritesTableViewCellDelegate.swift */; };
		DB4C765F1B7E24B400B5E921 /* SwiftNotice.swift in Sources */ = {isa = PBXBuildFile; fileRef = DB4C765E1B7E24B400B5E921 /* SwiftNotice.swift */; };
		DB4C76611B7E3A8A00B5E921 /* UIApplication.swift in Sources */ = {isa = PBXBuildFile; fileRef = DB4C76601B7E3A8A00B5E921 /* UIApplication.swift */; };
		DB51B94F1B7DC90F007B06BC /* BangumiTableViewDelegate.swift in Sources */ = {isa = PBXBuildFile; fileRef = DB51B94E1B7DC90F007B06BC /* BangumiTableViewDelegate.swift */; };
		DB59EC651B873DF8000AFA7A /* CMKTopicTableViewCell.swift in Sources */ = {isa = PBXBuildFile; fileRef = DB59EC641B873DF8000AFA7A /* CMKTopicTableViewCell.swift */; };
		DB5B04241B85D9C40074C80E /* UINavigationBar+Awesome.m in Sources */ = {isa = PBXBuildFile; fileRef = DB5B04231B85D9C40074C80E /* UINavigationBar+Awesome.m */; };
		DB5B04281B85DA7C0074C80E /* CMKCollectionViewCell.swift in Sources */ = {isa = PBXBuildFile; fileRef = DB5B04271B85DA7C0074C80E /* CMKCollectionViewCell.swift */; };
		DB5B042A1B85DBAD0074C80E /* BangumiDetail.swift in Sources */ = {isa = PBXBuildFile; fileRef = DB5B04291B85DBAD0074C80E /* BangumiDetail.swift */; };
		DB5B042C1B85E56F0074C80E /* Avatar.swift in Sources */ = {isa = PBXBuildFile; fileRef = DB5B042B1B85E56F0074C80E /* Avatar.swift */; };
		DB5B042E1B85E5A10074C80E /* AnimeSubject.swift in Sources */ = {isa = PBXBuildFile; fileRef = DB5B042D1B85E5A10074C80E /* AnimeSubject.swift */; };
		DB5B04301B85E5E70074C80E /* AnimeImages.swift in Sources */ = {isa = PBXBuildFile; fileRef = DB5B042F1B85E5E70074C80E /* AnimeImages.swift */; };
		DB5B04321B85E6150074C80E /* AnimeCollection.swift in Sources */ = {isa = PBXBuildFile; fileRef = DB5B04311B85E6150074C80E /* AnimeCollection.swift */; };
		DB5B04341B85E6310074C80E /* AnimeEps.swift in Sources */ = {isa = PBXBuildFile; fileRef = DB5B04331B85E6310074C80E /* AnimeEps.swift */; };
		DB5B04361B85E6530074C80E /* AnimeEp.swift in Sources */ = {isa = PBXBuildFile; fileRef = DB5B04351B85E6530074C80E /* AnimeEp.swift */; };
		DB5B04391B85E6B90074C80E /* BangumiKey.swift in Sources */ = {isa = PBXBuildFile; fileRef = DB5B04381B85E6B90074C80E /* BangumiKey.swift */; };
		DB5B043B1B85E6F40074C80E /* Crt.swift in Sources */ = {isa = PBXBuildFile; fileRef = DB5B043A1B85E6F40074C80E /* Crt.swift */; };
		DB5B043E1B85E7860074C80E /* Actor.swift in Sources */ = {isa = PBXBuildFile; fileRef = DB5B043D1B85E7860074C80E /* Actor.swift */; };
		DB5B04401B85E7BE0074C80E /* SubjectItemStatus.swift in Sources */ = {isa = PBXBuildFile; fileRef = DB5B043F1B85E7BE0074C80E /* SubjectItemStatus.swift */; };
		DB5B04421B85E7DD0074C80E /* EpsCollectInfo.swift in Sources */ = {isa = PBXBuildFile; fileRef = DB5B04411B85E7DD0074C80E /* EpsCollectInfo.swift */; };
		DB5B04441B85F7660074C80E /* CMKTableViewCell.swift in Sources */ = {isa = PBXBuildFile; fileRef = DB5B04431B85F7660074C80E /* CMKTableViewCell.swift */; };
		DB64E6C51B7B5B1C001B819D /* BangumiSearchModel.swift in Sources */ = {isa = PBXBuildFile; fileRef = DB64E6C41B7B5B1C001B819D /* BangumiSearchModel.swift */; };
		DB64E6C81B7B6221001B819D /* CloudKit.framework in Frameworks */ = {isa = PBXBuildFile; fileRef = DB64E6C71B7B6221001B819D /* CloudKit.framework */; };
		DB64E6CC1B7BA706001B819D /* SearchTableViewCell.swift in Sources */ = {isa = PBXBuildFile; fileRef = DB64E6CB1B7BA706001B819D /* SearchTableViewCell.swift */; };
		DB6820011B7C92A0001ED454 /* BangumiFavoriteModel.swift in Sources */ = {isa = PBXBuildFile; fileRef = DB6820001B7C92A0001ED454 /* BangumiFavoriteModel.swift */; };
		DB6820041B7D0177001ED454 /* FavoritesTableViewCell.swift in Sources */ = {isa = PBXBuildFile; fileRef = DB6820031B7D0177001ED454 /* FavoritesTableViewCell.swift */; };
		DB7E938E1B82C4CA003C419B /* MenuTransitionDelegate.swift in Sources */ = {isa = PBXBuildFile; fileRef = DB7E938D1B82C4CA003C419B /* MenuTransitionDelegate.swift */; };
		DB82E7781B1072C3002E560B /* AnimeDetailSummayTableViewCell.swift in Sources */ = {isa = PBXBuildFile; fileRef = DB82E7771B1072C3002E560B /* AnimeDetailSummayTableViewCell.swift */; };
		DB83E2781B0F854D007BE039 /* PercolatorKey.swift in Sources */ = {isa = PBXBuildFile; fileRef = DB83E2771B0F854D007BE039 /* PercolatorKey.swift */; };
		DB8DCB661B873EEC00C5F8D1 /* Topic.swift in Sources */ = {isa = PBXBuildFile; fileRef = DB8DCB651B873EEC00C5F8D1 /* Topic.swift */; };
		DB8DCBC81B876E7800C5F8D1 /* Percolator.xcdatamodeld in Sources */ = {isa = PBXBuildFile; fileRef = DB8DCBC61B876E7800C5F8D1 /* Percolator.xcdatamodeld */; };
		DB9965C21B88970F001314A0 /* CMKEPTableViewCell.swift in Sources */ = {isa = PBXBuildFile; fileRef = DB9965C11B88970F001314A0 /* CMKEPTableViewCell.swift */; };
		DB9965C41B89A11E001314A0 /* UINavigationBar.swift in Sources */ = {isa = PBXBuildFile; fileRef = DB9965C31B89A11E001314A0 /* UINavigationBar.swift */; };
		DBA29F4E1B8ADCB800ADED27 /* Settings.bundle in Resources */ = {isa = PBXBuildFile; fileRef = DBA29F4D1B8ADCB800ADED27 /* Settings.bundle */; };
		DBA29F531B8B24FC00ADED27 /* UIImage.swift in Sources */ = {isa = PBXBuildFile; fileRef = DBA29F521B8B24FC00ADED27 /* UIImage.swift */; };
		DBABA4041B10118600C8DDB0 /* BangumiGridStatus.swift in Sources */ = {isa = PBXBuildFile; fileRef = DBABA4031B10118600C8DDB0 /* BangumiGridStatus.swift */; };
		DBB2A8E51B08317B00B48C52 /* BangumiJSON.swift in Sources */ = {isa = PBXBuildFile; fileRef = DBB2A8E41B08317B00B48C52 /* BangumiJSON.swift */; };
		DBB3FCD11B86F21000FFF8DE /* Staff.swift in Sources */ = {isa = PBXBuildFile; fileRef = DBB3FCD01B86F21000FFF8DE /* Staff.swift */; };
		DBBA47C81B060DEA0004BBA2 /* AppDelegate.swift in Sources */ = {isa = PBXBuildFile; fileRef = DBBA47C71B060DEA0004BBA2 /* AppDelegate.swift */; };
		DBBA47CA1B060DEA0004BBA2 /* LoginViewController.swift in Sources */ = {isa = PBXBuildFile; fileRef = DBBA47C91B060DEA0004BBA2 /* LoginViewController.swift */; };
		DBBA47CD1B060DEA0004BBA2 /* Main.storyboard in Resources */ = {isa = PBXBuildFile; fileRef = DBBA47CB1B060DEA0004BBA2 /* Main.storyboard */; };
		DBBA47CF1B060DEA0004BBA2 /* Images.xcassets in Resources */ = {isa = PBXBuildFile; fileRef = DBBA47CE1B060DEA0004BBA2 /* Images.xcassets */; };
		DBBA47D21B060DEA0004BBA2 /* LaunchScreen.xib in Resources */ = {isa = PBXBuildFile; fileRef = DBBA47D01B060DEA0004BBA2 /* LaunchScreen.xib */; };
		DBBA47DE1B060DEA0004BBA2 /* PercolatorTests.swift in Sources */ = {isa = PBXBuildFile; fileRef = DBBA47DD1B060DEA0004BBA2 /* PercolatorTests.swift */; };
		DBBA47E81B0617020004BBA2 /* AnimeListTableViewController.swift in Sources */ = {isa = PBXBuildFile; fileRef = DBBA47E71B0617020004BBA2 /* AnimeListTableViewController.swift */; };
		DBBA47EB1B0619DE0004BBA2 /* BangumiRequest.swift in Sources */ = {isa = PBXBuildFile; fileRef = DBBA47EA1B0619DE0004BBA2 /* BangumiRequest.swift */; };
		DBBA47ED1B061D250004BBA2 /* BangumiUser.swift in Sources */ = {isa = PBXBuildFile; fileRef = DBBA47EC1B061D250004BBA2 /* BangumiUser.swift */; };
		DBBA47F31B064CF00004BBA2 /* AnimeListTableViewCell.swift in Sources */ = {isa = PBXBuildFile; fileRef = DBBA47F21B064CF00004BBA2 /* AnimeListTableViewCell.swift */; };
		DBBA47F91B064D580004BBA2 /* BangumiAnime.swift in Sources */ = {isa = PBXBuildFile; fileRef = DBBA47F81B064D580004BBA2 /* BangumiAnime.swift */; };
		DBC3AC8C1B070539001AA9A7 /* BangumiAnimeDetail.swift in Sources */ = {isa = PBXBuildFile; fileRef = DBC3AC8B1B070539001AA9A7 /* BangumiAnimeDetail.swift */; };
		DBD2D5751B841D2400EED59A /* MGSwipeButton.m in Sources */ = {isa = PBXBuildFile; fileRef = DBD2D5721B841D2400EED59A /* MGSwipeButton.m */; };
		DBD2D5761B841D2400EED59A /* MGSwipeTableCell.m in Sources */ = {isa = PBXBuildFile; fileRef = DBD2D5741B841D2400EED59A /* MGSwipeTableCell.m */; };
		DBD2D5781B841DC700EED59A /* SearchBoxTableViewController.swift in Sources */ = {isa = PBXBuildFile; fileRef = DBD2D5771B841DC700EED59A /* SearchBoxTableViewController.swift */; };
		DBD2D57A1B843ADE00EED59A /* SearchBoxTabelCell.swift in Sources */ = {isa = PBXBuildFile; fileRef = DBD2D5791B843ADE00EED59A /* SearchBoxTabelCell.swift */; };
		DBD2D57C1B84AEB300EED59A /* BangumiAPI.swift in Sources */ = {isa = PBXBuildFile; fileRef = DBD2D57B1B84AEB300EED59A /* BangumiAPI.swift */; };
		DBD2D57E1B84CE7000EED59A /* DetailViewController.swift in Sources */ = {isa = PBXBuildFile; fileRef = DBD2D57D1B84CE7000EED59A /* DetailViewController.swift */; };
		DBFBCB811B63157E001F3CD1 /* Color.swift in Sources */ = {isa = PBXBuildFile; fileRef = DBFBCB801B63157E001F3CD1 /* Color.swift */; };
		DBFBCB831B633376001F3CD1 /* AnimeCollectTableViewController.swift in Sources */ = {isa = PBXBuildFile; fileRef = DBFBCB821B633376001F3CD1 /* AnimeCollectTableViewController.swift */; };
		DBFC3ABD1B7A18B400F406FF /* SWRevealViewController.m in Sources */ = {isa = PBXBuildFile; fileRef = DBFC3ABC1B7A18B400F406FF /* SWRevealViewController.m */; };
		DBFC3AC11B7A3D6600F406FF /* BangumiAnimeModel.swift in Sources */ = {isa = PBXBuildFile; fileRef = DBFC3AC01B7A3D6600F406FF /* BangumiAnimeModel.swift */; };
		DBFC3AC31B7A3DD000F406FF /* MenuTableViewController.swift in Sources */ = {isa = PBXBuildFile; fileRef = DBFC3AC21B7A3DD000F406FF /* MenuTableViewController.swift */; };
/* End PBXBuildFile section */

/* Begin PBXContainerItemProxy section */
		DB08F6411BBC28F8005DBC6B /* PBXContainerItemProxy */ = {
			isa = PBXContainerItemProxy;
			containerPortal = DBBA47BA1B060DEA0004BBA2 /* Project object */;
			proxyType = 1;
			remoteGlobalIDString = DBBA47C11B060DEA0004BBA2;
			remoteInfo = "Bangumi M";
		};
		DBBA47D81B060DEA0004BBA2 /* PBXContainerItemProxy */ = {
			isa = PBXContainerItemProxy;
			containerPortal = DBBA47BA1B060DEA0004BBA2 /* Project object */;
			proxyType = 1;
			remoteGlobalIDString = DBBA47C11B060DEA0004BBA2;
			remoteInfo = Percolator;
		};
/* End PBXContainerItemProxy section */

/* Begin PBXFileReference section */
		3D1E58D1FF129BDF6841C36C /* Pods.release.xcconfig */ = {isa = PBXFileReference; includeInIndex = 1; lastKnownFileType = text.xcconfig; name = Pods.release.xcconfig; path = "Pods/Target Support Files/Pods/Pods.release.xcconfig"; sourceTree = "<group>"; };
		66B901E96A6ABBA0173A0560 /* Pods.framework */ = {isa = PBXFileReference; explicitFileType = wrapper.framework; includeInIndex = 0; path = Pods.framework; sourceTree = BUILT_PRODUCTS_DIR; };
		91F1BC0167136CE2E75161D7 /* Pods.debug.xcconfig */ = {isa = PBXFileReference; includeInIndex = 1; lastKnownFileType = text.xcconfig; name = Pods.debug.xcconfig; path = "Pods/Target Support Files/Pods/Pods.debug.xcconfig"; sourceTree = "<group>"; };
		DB08F63C1BBC28F8005DBC6B /* Bangumi MUITests.xctest */ = {isa = PBXFileReference; explicitFileType = wrapper.cfbundle; includeInIndex = 0; path = "Bangumi MUITests.xctest"; sourceTree = BUILT_PRODUCTS_DIR; };
		DB08F63E1BBC28F8005DBC6B /* Bangumi_MUITests.swift */ = {isa = PBXFileReference; lastKnownFileType = sourcecode.swift; path = Bangumi_MUITests.swift; sourceTree = "<group>"; };
		DB08F6401BBC28F8005DBC6B /* Info.plist */ = {isa = PBXFileReference; lastKnownFileType = text.plist.xml; path = Info.plist; sourceTree = "<group>"; };
		DB18C8AD1B0A2ABC00A0BA11 /* Percolator-Bridging-Header.h */ = {isa = PBXFileReference; lastKnownFileType = sourcecode.c.h; path = "Percolator-Bridging-Header.h"; sourceTree = "<group>"; };
		DB18C8AE1B0A2ABD00A0BA11 /* KeychainWrapper.h */ = {isa = PBXFileReference; fileEncoding = 4; lastKnownFileType = sourcecode.c.h; path = KeychainWrapper.h; sourceTree = "<group>"; };
		DB18C8AF1B0A2ABD00A0BA11 /* KeychainWrapper.m */ = {isa = PBXFileReference; fileEncoding = 4; lastKnownFileType = sourcecode.c.objc; path = KeychainWrapper.m; sourceTree = "<group>"; };
		DB33F10E1B8A97A800976CD6 /* AboutViewController.swift */ = {isa = PBXFileReference; fileEncoding = 4; lastKnownFileType = sourcecode.swift; path = AboutViewController.swift; sourceTree = "<group>"; };
		DB3C7F131C44B52E0092FD82 /* UIDevice.swift */ = {isa = PBXFileReference; fileEncoding = 4; lastKnownFileType = sourcecode.swift; path = UIDevice.swift; sourceTree = "<group>"; };
		DB43BD961B0E33ED003477C7 /* AnimeDetailTableViewCell.swift */ = {isa = PBXFileReference; fileEncoding = 4; lastKnownFileType = sourcecode.swift; path = AnimeDetailTableViewCell.swift; sourceTree = "<group>"; };
		DB4C765C1B7DF0FA00B5E921 /* FavoritesTableViewCellDelegate.swift */ = {isa = PBXFileReference; fileEncoding = 4; lastKnownFileType = sourcecode.swift; path = FavoritesTableViewCellDelegate.swift; sourceTree = "<group>"; };
		DB4C765E1B7E24B400B5E921 /* SwiftNotice.swift */ = {isa = PBXFileReference; fileEncoding = 4; lastKnownFileType = sourcecode.swift; path = SwiftNotice.swift; sourceTree = "<group>"; };
		DB4C76601B7E3A8A00B5E921 /* UIApplication.swift */ = {isa = PBXFileReference; fileEncoding = 4; lastKnownFileType = sourcecode.swift; path = UIApplication.swift; sourceTree = "<group>"; };
		DB51B94E1B7DC90F007B06BC /* BangumiTableViewDelegate.swift */ = {isa = PBXFileReference; fileEncoding = 4; lastKnownFileType = sourcecode.swift; path = BangumiTableViewDelegate.swift; sourceTree = "<group>"; };
		DB59EC641B873DF8000AFA7A /* CMKTopicTableViewCell.swift */ = {isa = PBXFileReference; fileEncoding = 4; lastKnownFileType = sourcecode.swift; path = CMKTopicTableViewCell.swift; sourceTree = "<group>"; };
		DB5B04221B85D9C40074C80E /* UINavigationBar+Awesome.h */ = {isa = PBXFileReference; fileEncoding = 4; lastKnownFileType = sourcecode.c.h; path = "UINavigationBar+Awesome.h"; sourceTree = "<group>"; };
		DB5B04231B85D9C40074C80E /* UINavigationBar+Awesome.m */ = {isa = PBXFileReference; fileEncoding = 4; lastKnownFileType = sourcecode.c.objc; path = "UINavigationBar+Awesome.m"; sourceTree = "<group>"; };
		DB5B04271B85DA7C0074C80E /* CMKCollectionViewCell.swift */ = {isa = PBXFileReference; fileEncoding = 4; lastKnownFileType = sourcecode.swift; path = CMKCollectionViewCell.swift; sourceTree = "<group>"; };
		DB5B04291B85DBAD0074C80E /* BangumiDetail.swift */ = {isa = PBXFileReference; fileEncoding = 4; lastKnownFileType = sourcecode.swift; path = BangumiDetail.swift; sourceTree = "<group>"; };
		DB5B042B1B85E56F0074C80E /* Avatar.swift */ = {isa = PBXFileReference; fileEncoding = 4; lastKnownFileType = sourcecode.swift; path = Avatar.swift; sourceTree = "<group>"; };
		DB5B042D1B85E5A10074C80E /* AnimeSubject.swift */ = {isa = PBXFileReference; fileEncoding = 4; lastKnownFileType = sourcecode.swift; path = AnimeSubject.swift; sourceTree = "<group>"; };
		DB5B042F1B85E5E70074C80E /* AnimeImages.swift */ = {isa = PBXFileReference; fileEncoding = 4; lastKnownFileType = sourcecode.swift; path = AnimeImages.swift; sourceTree = "<group>"; };
		DB5B04311B85E6150074C80E /* AnimeCollection.swift */ = {isa = PBXFileReference; fileEncoding = 4; lastKnownFileType = sourcecode.swift; path = AnimeCollection.swift; sourceTree = "<group>"; };
		DB5B04331B85E6310074C80E /* AnimeEps.swift */ = {isa = PBXFileReference; fileEncoding = 4; lastKnownFileType = sourcecode.swift; path = AnimeEps.swift; sourceTree = "<group>"; };
		DB5B04351B85E6530074C80E /* AnimeEp.swift */ = {isa = PBXFileReference; fileEncoding = 4; lastKnownFileType = sourcecode.swift; path = AnimeEp.swift; sourceTree = "<group>"; };
		DB5B04381B85E6B90074C80E /* BangumiKey.swift */ = {isa = PBXFileReference; fileEncoding = 4; lastKnownFileType = sourcecode.swift; path = BangumiKey.swift; sourceTree = "<group>"; };
		DB5B043A1B85E6F40074C80E /* Crt.swift */ = {isa = PBXFileReference; fileEncoding = 4; lastKnownFileType = sourcecode.swift; path = Crt.swift; sourceTree = "<group>"; };
		DB5B043D1B85E7860074C80E /* Actor.swift */ = {isa = PBXFileReference; fileEncoding = 4; lastKnownFileType = sourcecode.swift; path = Actor.swift; sourceTree = "<group>"; };
		DB5B043F1B85E7BE0074C80E /* SubjectItemStatus.swift */ = {isa = PBXFileReference; fileEncoding = 4; lastKnownFileType = sourcecode.swift; path = SubjectItemStatus.swift; sourceTree = "<group>"; };
		DB5B04411B85E7DD0074C80E /* EpsCollectInfo.swift */ = {isa = PBXFileReference; fileEncoding = 4; lastKnownFileType = sourcecode.swift; path = EpsCollectInfo.swift; sourceTree = "<group>"; };
		DB5B04431B85F7660074C80E /* CMKTableViewCell.swift */ = {isa = PBXFileReference; fileEncoding = 4; lastKnownFileType = sourcecode.swift; path = CMKTableViewCell.swift; sourceTree = "<group>"; };
		DB64E6C41B7B5B1C001B819D /* BangumiSearchModel.swift */ = {isa = PBXFileReference; fileEncoding = 4; lastKnownFileType = sourcecode.swift; path = BangumiSearchModel.swift; sourceTree = "<group>"; };
		DB64E6C61B7B6153001B819D /* Percolator.entitlements */ = {isa = PBXFileReference; lastKnownFileType = text.xml; path = Percolator.entitlements; sourceTree = "<group>"; };
		DB64E6C71B7B6221001B819D /* CloudKit.framework */ = {isa = PBXFileReference; lastKnownFileType = wrapper.framework; name = CloudKit.framework; path = System/Library/Frameworks/CloudKit.framework; sourceTree = SDKROOT; };
		DB64E6CB1B7BA706001B819D /* SearchTableViewCell.swift */ = {isa = PBXFileReference; fileEncoding = 4; lastKnownFileType = sourcecode.swift; path = SearchTableViewCell.swift; sourceTree = "<group>"; };
		DB6820001B7C92A0001ED454 /* BangumiFavoriteModel.swift */ = {isa = PBXFileReference; fileEncoding = 4; lastKnownFileType = sourcecode.swift; path = BangumiFavoriteModel.swift; sourceTree = "<group>"; };
		DB6820031B7D0177001ED454 /* FavoritesTableViewCell.swift */ = {isa = PBXFileReference; fileEncoding = 4; lastKnownFileType = sourcecode.swift; path = FavoritesTableViewCell.swift; sourceTree = "<group>"; };
		DB7E938D1B82C4CA003C419B /* MenuTransitionDelegate.swift */ = {isa = PBXFileReference; fileEncoding = 4; lastKnownFileType = sourcecode.swift; path = MenuTransitionDelegate.swift; sourceTree = "<group>"; };
		DB82E7771B1072C3002E560B /* AnimeDetailSummayTableViewCell.swift */ = {isa = PBXFileReference; fileEncoding = 4; lastKnownFileType = sourcecode.swift; path = AnimeDetailSummayTableViewCell.swift; sourceTree = "<group>"; };
		DB83E2771B0F854D007BE039 /* PercolatorKey.swift */ = {isa = PBXFileReference; fileEncoding = 4; lastKnownFileType = sourcecode.swift; path = PercolatorKey.swift; sourceTree = "<group>"; };
		DB8DCB651B873EEC00C5F8D1 /* Topic.swift */ = {isa = PBXFileReference; fileEncoding = 4; lastKnownFileType = sourcecode.swift; path = Topic.swift; sourceTree = "<group>"; };
		DB8DCBC71B876E7800C5F8D1 /* Percolator.xcdatamodel */ = {isa = PBXFileReference; lastKnownFileType = wrapper.xcdatamodel; path = Percolator.xcdatamodel; sourceTree = "<group>"; };
		DB9965C11B88970F001314A0 /* CMKEPTableViewCell.swift */ = {isa = PBXFileReference; fileEncoding = 4; lastKnownFileType = sourcecode.swift; path = CMKEPTableViewCell.swift; sourceTree = "<group>"; };
		DB9965C31B89A11E001314A0 /* UINavigationBar.swift */ = {isa = PBXFileReference; fileEncoding = 4; lastKnownFileType = sourcecode.swift; path = UINavigationBar.swift; sourceTree = "<group>"; };
		DBA29F4D1B8ADCB800ADED27 /* Settings.bundle */ = {isa = PBXFileReference; lastKnownFileType = "wrapper.plug-in"; path = Settings.bundle; sourceTree = "<group>"; };
		DBA29F521B8B24FC00ADED27 /* UIImage.swift */ = {isa = PBXFileReference; fileEncoding = 4; lastKnownFileType = sourcecode.swift; path = UIImage.swift; sourceTree = "<group>"; };
		DBABA4031B10118600C8DDB0 /* BangumiGridStatus.swift */ = {isa = PBXFileReference; fileEncoding = 4; lastKnownFileType = sourcecode.swift; path = BangumiGridStatus.swift; sourceTree = "<group>"; };
		DBB2A8E41B08317B00B48C52 /* BangumiJSON.swift */ = {isa = PBXFileReference; fileEncoding = 4; lastKnownFileType = sourcecode.swift; path = BangumiJSON.swift; sourceTree = "<group>"; };
		DBB3FCD01B86F21000FFF8DE /* Staff.swift */ = {isa = PBXFileReference; fileEncoding = 4; lastKnownFileType = sourcecode.swift; path = Staff.swift; sourceTree = "<group>"; };
		DBBA47C21B060DEA0004BBA2 /* Bangumi M.app */ = {isa = PBXFileReference; explicitFileType = wrapper.application; includeInIndex = 0; path = "Bangumi M.app"; sourceTree = BUILT_PRODUCTS_DIR; };
		DBBA47C61B060DEA0004BBA2 /* Info.plist */ = {isa = PBXFileReference; lastKnownFileType = text.plist.xml; path = Info.plist; sourceTree = "<group>"; };
		DBBA47C71B060DEA0004BBA2 /* AppDelegate.swift */ = {isa = PBXFileReference; lastKnownFileType = sourcecode.swift; path = AppDelegate.swift; sourceTree = "<group>"; };
		DBBA47C91B060DEA0004BBA2 /* LoginViewController.swift */ = {isa = PBXFileReference; lastKnownFileType = sourcecode.swift; path = LoginViewController.swift; sourceTree = "<group>"; };
		DBBA47CC1B060DEA0004BBA2 /* Base */ = {isa = PBXFileReference; lastKnownFileType = file.storyboard; name = Base; path = Base.lproj/Main.storyboard; sourceTree = "<group>"; };
		DBBA47CE1B060DEA0004BBA2 /* Images.xcassets */ = {isa = PBXFileReference; lastKnownFileType = folder.assetcatalog; path = Images.xcassets; sourceTree = "<group>"; };
		DBBA47D11B060DEA0004BBA2 /* Base */ = {isa = PBXFileReference; lastKnownFileType = file.xib; name = Base; path = Base.lproj/LaunchScreen.xib; sourceTree = "<group>"; };
		DBBA47D71B060DEA0004BBA2 /* Bangumi MTests.xctest */ = {isa = PBXFileReference; explicitFileType = wrapper.cfbundle; includeInIndex = 0; path = "Bangumi MTests.xctest"; sourceTree = BUILT_PRODUCTS_DIR; };
		DBBA47DC1B060DEA0004BBA2 /* Info.plist */ = {isa = PBXFileReference; lastKnownFileType = text.plist.xml; path = Info.plist; sourceTree = "<group>"; };
		DBBA47DD1B060DEA0004BBA2 /* PercolatorTests.swift */ = {isa = PBXFileReference; lastKnownFileType = sourcecode.swift; path = PercolatorTests.swift; sourceTree = "<group>"; };
		DBBA47E71B0617020004BBA2 /* AnimeListTableViewController.swift */ = {isa = PBXFileReference; fileEncoding = 4; lastKnownFileType = sourcecode.swift; path = AnimeListTableViewController.swift; sourceTree = "<group>"; };
		DBBA47EA1B0619DE0004BBA2 /* BangumiRequest.swift */ = {isa = PBXFileReference; fileEncoding = 4; lastKnownFileType = sourcecode.swift; path = BangumiRequest.swift; sourceTree = "<group>"; };
		DBBA47EC1B061D250004BBA2 /* BangumiUser.swift */ = {isa = PBXFileReference; fileEncoding = 4; lastKnownFileType = sourcecode.swift; path = BangumiUser.swift; sourceTree = "<group>"; };
		DBBA47F21B064CF00004BBA2 /* AnimeListTableViewCell.swift */ = {isa = PBXFileReference; fileEncoding = 4; lastKnownFileType = sourcecode.swift; path = AnimeListTableViewCell.swift; sourceTree = "<group>"; };
		DBBA47F81B064D580004BBA2 /* BangumiAnime.swift */ = {isa = PBXFileReference; fileEncoding = 4; lastKnownFileType = sourcecode.swift; path = BangumiAnime.swift; sourceTree = "<group>"; };
		DBC3AC8B1B070539001AA9A7 /* BangumiAnimeDetail.swift */ = {isa = PBXFileReference; fileEncoding = 4; lastKnownFileType = sourcecode.swift; path = BangumiAnimeDetail.swift; sourceTree = "<group>"; };
		DBD2D5711B841D2400EED59A /* MGSwipeButton.h */ = {isa = PBXFileReference; fileEncoding = 4; lastKnownFileType = sourcecode.c.h; path = MGSwipeButton.h; sourceTree = "<group>"; };
		DBD2D5721B841D2400EED59A /* MGSwipeButton.m */ = {isa = PBXFileReference; fileEncoding = 4; lastKnownFileType = sourcecode.c.objc; path = MGSwipeButton.m; sourceTree = "<group>"; };
		DBD2D5731B841D2400EED59A /* MGSwipeTableCell.h */ = {isa = PBXFileReference; fileEncoding = 4; lastKnownFileType = sourcecode.c.h; path = MGSwipeTableCell.h; sourceTree = "<group>"; };
		DBD2D5741B841D2400EED59A /* MGSwipeTableCell.m */ = {isa = PBXFileReference; fileEncoding = 4; lastKnownFileType = sourcecode.c.objc; path = MGSwipeTableCell.m; sourceTree = "<group>"; };
		DBD2D5771B841DC700EED59A /* SearchBoxTableViewController.swift */ = {isa = PBXFileReference; fileEncoding = 4; lastKnownFileType = sourcecode.swift; path = SearchBoxTableViewController.swift; sourceTree = "<group>"; };
		DBD2D5791B843ADE00EED59A /* SearchBoxTabelCell.swift */ = {isa = PBXFileReference; fileEncoding = 4; lastKnownFileType = sourcecode.swift; path = SearchBoxTabelCell.swift; sourceTree = "<group>"; };
		DBD2D57B1B84AEB300EED59A /* BangumiAPI.swift */ = {isa = PBXFileReference; fileEncoding = 4; lastKnownFileType = sourcecode.swift; path = BangumiAPI.swift; sourceTree = "<group>"; };
		DBD2D57D1B84CE7000EED59A /* DetailViewController.swift */ = {isa = PBXFileReference; fileEncoding = 4; lastKnownFileType = sourcecode.swift; path = DetailViewController.swift; sourceTree = "<group>"; };
		DBFABCE21CE84BF70056C862 /* zh-Hans */ = {isa = PBXFileReference; lastKnownFileType = text.plist.strings; name = "zh-Hans"; path = "zh-Hans.lproj/Main.strings"; sourceTree = "<group>"; };
		DBFABCE31CE84C830056C862 /* zh-Hans */ = {isa = PBXFileReference; lastKnownFileType = text.plist.strings; name = "zh-Hans"; path = "zh-Hans.lproj/LaunchScreen.strings"; sourceTree = "<group>"; };
		DBFBCB801B63157E001F3CD1 /* Color.swift */ = {isa = PBXFileReference; fileEncoding = 4; lastKnownFileType = sourcecode.swift; path = Color.swift; sourceTree = "<group>"; };
		DBFBCB821B633376001F3CD1 /* AnimeCollectTableViewController.swift */ = {isa = PBXFileReference; fileEncoding = 4; lastKnownFileType = sourcecode.swift; path = AnimeCollectTableViewController.swift; sourceTree = "<group>"; };
		DBFC3ABB1B7A18B400F406FF /* SWRevealViewController.h */ = {isa = PBXFileReference; fileEncoding = 4; lastKnownFileType = sourcecode.c.h; path = SWRevealViewController.h; sourceTree = "<group>"; };
		DBFC3ABC1B7A18B400F406FF /* SWRevealViewController.m */ = {isa = PBXFileReference; fileEncoding = 4; lastKnownFileType = sourcecode.c.objc; path = SWRevealViewController.m; sourceTree = "<group>"; };
		DBFC3AC01B7A3D6600F406FF /* BangumiAnimeModel.swift */ = {isa = PBXFileReference; fileEncoding = 4; lastKnownFileType = sourcecode.swift; path = BangumiAnimeModel.swift; sourceTree = "<group>"; };
		DBFC3AC21B7A3DD000F406FF /* MenuTableViewController.swift */ = {isa = PBXFileReference; fileEncoding = 4; lastKnownFileType = sourcecode.swift; path = MenuTableViewController.swift; sourceTree = "<group>"; };
/* End PBXFileReference section */

/* Begin PBXFrameworksBuildPhase section */
		DB08F6391BBC28F8005DBC6B /* Frameworks */ = {
			isa = PBXFrameworksBuildPhase;
			buildActionMask = 2147483647;
			files = (
			);
			runOnlyForDeploymentPostprocessing = 0;
		};
		DBBA47BF1B060DEA0004BBA2 /* Frameworks */ = {
			isa = PBXFrameworksBuildPhase;
			buildActionMask = 2147483647;
			files = (
				6446967769ADC51067454314 /* Pods.framework in Frameworks */,
				DB64E6C81B7B6221001B819D /* CloudKit.framework in Frameworks */,
			);
			runOnlyForDeploymentPostprocessing = 0;
		};
		DBBA47D41B060DEA0004BBA2 /* Frameworks */ = {
			isa = PBXFrameworksBuildPhase;
			buildActionMask = 2147483647;
			files = (
			);
			runOnlyForDeploymentPostprocessing = 0;
		};
/* End PBXFrameworksBuildPhase section */

/* Begin PBXGroup section */
		22FAE04FF2793B9654AE8062 /* Frameworks */ = {
			isa = PBXGroup;
			children = (
				DB64E6C71B7B6221001B819D /* CloudKit.framework */,
				66B901E96A6ABBA0173A0560 /* Pods.framework */,
			);
			name = Frameworks;
			sourceTree = "<group>";
		};
		DB08F63D1BBC28F8005DBC6B /* Bangumi MUITests */ = {
			isa = PBXGroup;
			children = (
				DB08F63E1BBC28F8005DBC6B /* Bangumi_MUITests.swift */,
				DB08F6401BBC28F8005DBC6B /* Info.plist */,
			);
			path = "Bangumi MUITests";
			sourceTree = "<group>";
		};
		DB1D11E71B5229450067A060 /* Struct */ = {
			isa = PBXGroup;
			children = (
				DB5B04371B85E6630074C80E /* Anime */,
				DB5B042B1B85E56F0074C80E /* Avatar.swift */,
				DB8DCB651B873EEC00C5F8D1 /* Topic.swift */,
				DB5B043A1B85E6F40074C80E /* Crt.swift */,
				DBB3FCD01B86F21000FFF8DE /* Staff.swift */,
				DB5B043D1B85E7860074C80E /* Actor.swift */,
				DB5B043F1B85E7BE0074C80E /* SubjectItemStatus.swift */,
				DB5B04411B85E7DD0074C80E /* EpsCollectInfo.swift */,
				DBBA47F81B064D580004BBA2 /* BangumiAnime.swift */,
				DBC3AC8B1B070539001AA9A7 /* BangumiAnimeDetail.swift */,
				DBABA4031B10118600C8DDB0 /* BangumiGridStatus.swift */,
				DBB2A8E41B08317B00B48C52 /* BangumiJSON.swift */,
				DB5B04291B85DBAD0074C80E /* BangumiDetail.swift */,
			);
			name = Struct;
			sourceTree = "<group>";
		};
		DB1D11E81B52296B0067A060 /* Class */ = {
			isa = PBXGroup;
			children = (
				DBBA47EA1B0619DE0004BBA2 /* BangumiRequest.swift */,
				DBBA47EC1B061D250004BBA2 /* BangumiUser.swift */,
				DBFC3AC01B7A3D6600F406FF /* BangumiAnimeModel.swift */,
				DB64E6C41B7B5B1C001B819D /* BangumiSearchModel.swift */,
				DB6820001B7C92A0001ED454 /* BangumiFavoriteModel.swift */,
			);
			name = Class;
			sourceTree = "<group>";
		};
		DB1D11E91B5229770067A060 /* Key */ = {
			isa = PBXGroup;
			children = (
				DB5B04381B85E6B90074C80E /* BangumiKey.swift */,
				DB83E2771B0F854D007BE039 /* PercolatorKey.swift */,
				DBD2D57B1B84AEB300EED59A /* BangumiAPI.swift */,
			);
			name = Key;
			sourceTree = "<group>";
		};
		DB51B9501B7DC939007B06BC /* Delegate */ = {
			isa = PBXGroup;
			children = (
				DB7E938D1B82C4CA003C419B /* MenuTransitionDelegate.swift */,
				DB51B94E1B7DC90F007B06BC /* BangumiTableViewDelegate.swift */,
				DB4C765C1B7DF0FA00B5E921 /* FavoritesTableViewCellDelegate.swift */,
			);
			name = Delegate;
			sourceTree = "<group>";
		};
		DB5B04371B85E6630074C80E /* Anime */ = {
			isa = PBXGroup;
			children = (
				DB5B04331B85E6310074C80E /* AnimeEps.swift */,
				DB5B04351B85E6530074C80E /* AnimeEp.swift */,
				DB5B042F1B85E5E70074C80E /* AnimeImages.swift */,
				DB5B042D1B85E5A10074C80E /* AnimeSubject.swift */,
				DB5B04311B85E6150074C80E /* AnimeCollection.swift */,
			);
			name = Anime;
			sourceTree = "<group>";
		};
		DB5B043C1B85E7200074C80E /*  LTNavigationBar */ = {
			isa = PBXGroup;
			children = (
				DB5B04221B85D9C40074C80E /* UINavigationBar+Awesome.h */,
				DB5B04231B85D9C40074C80E /* UINavigationBar+Awesome.m */,
			);
			name = " LTNavigationBar";
			path = SlidingContainerViewController;
			sourceTree = "<group>";
		};
		DBBA47B91B060DEA0004BBA2 = {
			isa = PBXGroup;
			children = (
				DBBA47C41B060DEA0004BBA2 /* Percolator */,
				DBBA47DA1B060DEA0004BBA2 /* PercolatorTests */,
				DB08F63D1BBC28F8005DBC6B /* Bangumi MUITests */,
				DBBA47C31B060DEA0004BBA2 /* Products */,
				EE215595AABB263B8F0A4760 /* Pods */,
				22FAE04FF2793B9654AE8062 /* Frameworks */,
			);
			sourceTree = "<group>";
		};
		DBBA47C31B060DEA0004BBA2 /* Products */ = {
			isa = PBXGroup;
			children = (
				DBBA47C21B060DEA0004BBA2 /* Bangumi M.app */,
				DBBA47D71B060DEA0004BBA2 /* Bangumi MTests.xctest */,
				DB08F63C1BBC28F8005DBC6B /* Bangumi MUITests.xctest */,
			);
			name = Products;
			sourceTree = "<group>";
		};
		DBBA47C41B060DEA0004BBA2 /* Percolator */ = {
			isa = PBXGroup;
			children = (
				DBBA47CB1B060DEA0004BBA2 /* Main.storyboard */,
				DB51B9501B7DC939007B06BC /* Delegate */,
				DBFC3AB91B79FA8B00F406FF /* View */,
				DBFC3AB81B79FA4600F406FF /* Controller */,
				DBBA47E91B0619BA0004BBA2 /* Bangumi */,
				DBBA47C51B060DEA0004BBA2 /* Supporting Files */,
			);
			path = Percolator;
			sourceTree = "<group>";
		};
		DBBA47C51B060DEA0004BBA2 /* Supporting Files */ = {
			isa = PBXGroup;
			children = (
				DBD2D5701B841D2400EED59A /* MGSwipeTableCell */,
				DBFC3ABA1B7A18B400F406FF /* SWRevealViewController */,
				DB5B043C1B85E7200074C80E /*  LTNavigationBar */,
				DBFC3AB71B79FA1E00F406FF /* KeychainWrapper */,
				DB18C8AD1B0A2ABC00A0BA11 /* Percolator-Bridging-Header.h */,
				DB4C765E1B7E24B400B5E921 /* SwiftNotice.swift */,
				DB9965C31B89A11E001314A0 /* UINavigationBar.swift */,
				DB4C76601B7E3A8A00B5E921 /* UIApplication.swift */,
				DB3C7F131C44B52E0092FD82 /* UIDevice.swift */,
				DBBA47C71B060DEA0004BBA2 /* AppDelegate.swift */,
				DBA29F521B8B24FC00ADED27 /* UIImage.swift */,
				DBFBCB801B63157E001F3CD1 /* Color.swift */,
				DBBA47D01B060DEA0004BBA2 /* LaunchScreen.xib */,
				DBBA47CE1B060DEA0004BBA2 /* Images.xcassets */,
				DB64E6C61B7B6153001B819D /* Percolator.entitlements */,
				DB8DCBC61B876E7800C5F8D1 /* Percolator.xcdatamodeld */,
				DBBA47C61B060DEA0004BBA2 /* Info.plist */,
				DBA29F4D1B8ADCB800ADED27 /* Settings.bundle */,
			);
			name = "Supporting Files";
			sourceTree = "<group>";
		};
		DBBA47DA1B060DEA0004BBA2 /* PercolatorTests */ = {
			isa = PBXGroup;
			children = (
				DBBA47DD1B060DEA0004BBA2 /* PercolatorTests.swift */,
				DBBA47DB1B060DEA0004BBA2 /* Supporting Files */,
			);
			path = PercolatorTests;
			sourceTree = "<group>";
		};
		DBBA47DB1B060DEA0004BBA2 /* Supporting Files */ = {
			isa = PBXGroup;
			children = (
				DBBA47DC1B060DEA0004BBA2 /* Info.plist */,
			);
			name = "Supporting Files";
			sourceTree = "<group>";
		};
		DBBA47E91B0619BA0004BBA2 /* Bangumi */ = {
			isa = PBXGroup;
			children = (
				DB1D11E71B5229450067A060 /* Struct */,
				DB1D11E81B52296B0067A060 /* Class */,
				DB1D11E91B5229770067A060 /* Key */,
			);
			name = Bangumi;
			sourceTree = "<group>";
		};
		DBD2D5701B841D2400EED59A /* MGSwipeTableCell */ = {
			isa = PBXGroup;
			children = (
				DBD2D5711B841D2400EED59A /* MGSwipeButton.h */,
				DBD2D5721B841D2400EED59A /* MGSwipeButton.m */,
				DBD2D5731B841D2400EED59A /* MGSwipeTableCell.h */,
				DBD2D5741B841D2400EED59A /* MGSwipeTableCell.m */,
			);
			path = MGSwipeTableCell;
			sourceTree = "<group>";
		};
		DBFC3AB71B79FA1E00F406FF /* KeychainWrapper */ = {
			isa = PBXGroup;
			children = (
				DB18C8AE1B0A2ABD00A0BA11 /* KeychainWrapper.h */,
				DB18C8AF1B0A2ABD00A0BA11 /* KeychainWrapper.m */,
			);
			name = KeychainWrapper;
			sourceTree = "<group>";
		};
		DBFC3AB81B79FA4600F406FF /* Controller */ = {
			isa = PBXGroup;
			children = (
				DB33F10E1B8A97A800976CD6 /* AboutViewController.swift */,
				DBBA47C91B060DEA0004BBA2 /* LoginViewController.swift */,
				DBFC3AC21B7A3DD000F406FF /* MenuTableViewController.swift */,
				DBBA47E71B0617020004BBA2 /* AnimeListTableViewController.swift */,
				DBD2D57D1B84CE7000EED59A /* DetailViewController.swift */,
				DBFBCB821B633376001F3CD1 /* AnimeCollectTableViewController.swift */,
				DBD2D5771B841DC700EED59A /* SearchBoxTableViewController.swift */,
			);
			name = Controller;
			sourceTree = "<group>";
		};
		DBFC3AB91B79FA8B00F406FF /* View */ = {
			isa = PBXGroup;
			children = (
				DB9965C11B88970F001314A0 /* CMKEPTableViewCell.swift */,
				DB59EC641B873DF8000AFA7A /* CMKTopicTableViewCell.swift */,
				DB5B04431B85F7660074C80E /* CMKTableViewCell.swift */,
				DB5B04271B85DA7C0074C80E /* CMKCollectionViewCell.swift */,
				DBBA47F21B064CF00004BBA2 /* AnimeListTableViewCell.swift */,
				DB43BD961B0E33ED003477C7 /* AnimeDetailTableViewCell.swift */,
				DB82E7771B1072C3002E560B /* AnimeDetailSummayTableViewCell.swift */,
				DB64E6CB1B7BA706001B819D /* SearchTableViewCell.swift */,
				DBD2D5791B843ADE00EED59A /* SearchBoxTabelCell.swift */,
				DB6820031B7D0177001ED454 /* FavoritesTableViewCell.swift */,
			);
			name = View;
			sourceTree = "<group>";
		};
		DBFC3ABA1B7A18B400F406FF /* SWRevealViewController */ = {
			isa = PBXGroup;
			children = (
				DBFC3ABB1B7A18B400F406FF /* SWRevealViewController.h */,
				DBFC3ABC1B7A18B400F406FF /* SWRevealViewController.m */,
			);
			path = SWRevealViewController;
			sourceTree = "<group>";
		};
		EE215595AABB263B8F0A4760 /* Pods */ = {
			isa = PBXGroup;
			children = (
				91F1BC0167136CE2E75161D7 /* Pods.debug.xcconfig */,
				3D1E58D1FF129BDF6841C36C /* Pods.release.xcconfig */,
			);
			name = Pods;
			sourceTree = "<group>";
		};
/* End PBXGroup section */

/* Begin PBXNativeTarget section */
		DB08F63B1BBC28F8005DBC6B /* Bangumi MUITests */ = {
			isa = PBXNativeTarget;
			buildConfigurationList = DB08F6451BBC28F8005DBC6B /* Build configuration list for PBXNativeTarget "Bangumi MUITests" */;
			buildPhases = (
				DB08F6381BBC28F8005DBC6B /* Sources */,
				DB08F6391BBC28F8005DBC6B /* Frameworks */,
				DB08F63A1BBC28F8005DBC6B /* Resources */,
			);
			buildRules = (
			);
			dependencies = (
				DB08F6421BBC28F8005DBC6B /* PBXTargetDependency */,
			);
			name = "Bangumi MUITests";
			productName = "Bangumi MUITests";
			productReference = DB08F63C1BBC28F8005DBC6B /* Bangumi MUITests.xctest */;
			productType = "com.apple.product-type.bundle.ui-testing";
		};
		DBBA47C11B060DEA0004BBA2 /* Bangumi M */ = {
			isa = PBXNativeTarget;
			buildConfigurationList = DBBA47E11B060DEA0004BBA2 /* Build configuration list for PBXNativeTarget "Bangumi M" */;
			buildPhases = (
				BEE8F845515578E7C569AAF5 /* Check Pods Manifest.lock */,
				DBBA47BE1B060DEA0004BBA2 /* Sources */,
				DBBA47BF1B060DEA0004BBA2 /* Frameworks */,
				DBBA47C01B060DEA0004BBA2 /* Resources */,
				5C5C0AE36DB7610DF27EFB17 /* Embed Pods Frameworks */,
				4FC16B25B0B20EACB5E09D32 /* Copy Pods Resources */,
			);
			buildRules = (
			);
			dependencies = (
			);
			name = "Bangumi M";
			productName = Percolator;
			productReference = DBBA47C21B060DEA0004BBA2 /* Bangumi M.app */;
			productType = "com.apple.product-type.application";
		};
		DBBA47D61B060DEA0004BBA2 /* Bangumi MTests */ = {
			isa = PBXNativeTarget;
			buildConfigurationList = DBBA47E41B060DEA0004BBA2 /* Build configuration list for PBXNativeTarget "Bangumi MTests" */;
			buildPhases = (
				DBBA47D31B060DEA0004BBA2 /* Sources */,
				DBBA47D41B060DEA0004BBA2 /* Frameworks */,
				DBBA47D51B060DEA0004BBA2 /* Resources */,
			);
			buildRules = (
			);
			dependencies = (
				DBBA47D91B060DEA0004BBA2 /* PBXTargetDependency */,
			);
			name = "Bangumi MTests";
			productName = PercolatorTests;
			productReference = DBBA47D71B060DEA0004BBA2 /* Bangumi MTests.xctest */;
			productType = "com.apple.product-type.bundle.unit-test";
		};
/* End PBXNativeTarget section */

/* Begin PBXProject section */
		DBBA47BA1B060DEA0004BBA2 /* Project object */ = {
			isa = PBXProject;
			attributes = {
				LastSwiftMigration = 0700;
				LastSwiftUpdateCheck = 0700;
				LastUpgradeCheck = 0720;
				ORGANIZATIONNAME = "Cirno MainasuK";
				TargetAttributes = {
					DB08F63B1BBC28F8005DBC6B = {
						CreatedOnToolsVersion = 7.0;
						TestTargetID = DBBA47C11B060DEA0004BBA2;
					};
					DBBA47C11B060DEA0004BBA2 = {
						CreatedOnToolsVersion = 6.3.1;
						DevelopmentTeam = Z68BDSMP42;
						SystemCapabilities = {
							com.apple.iCloud = {
								enabled = 1;
							};
						};
					};
					DBBA47D61B060DEA0004BBA2 = {
						CreatedOnToolsVersion = 6.3.1;
						TestTargetID = DBBA47C11B060DEA0004BBA2;
					};
				};
			};
			buildConfigurationList = DBBA47BD1B060DEA0004BBA2 /* Build configuration list for PBXProject "Percolator" */;
			compatibilityVersion = "Xcode 3.2";
			developmentRegion = English;
			hasScannedForEncodings = 0;
			knownRegions = (
				en,
				Base,
			);
			mainGroup = DBBA47B91B060DEA0004BBA2;
			productRefGroup = DBBA47C31B060DEA0004BBA2 /* Products */;
			projectDirPath = "";
			projectRoot = "";
			targets = (
				DBBA47C11B060DEA0004BBA2 /* Bangumi M */,
				DBBA47D61B060DEA0004BBA2 /* Bangumi MTests */,
				DB08F63B1BBC28F8005DBC6B /* Bangumi MUITests */,
			);
		};
/* End PBXProject section */

/* Begin PBXResourcesBuildPhase section */
		DB08F63A1BBC28F8005DBC6B /* Resources */ = {
			isa = PBXResourcesBuildPhase;
			buildActionMask = 2147483647;
			files = (
			);
			runOnlyForDeploymentPostprocessing = 0;
		};
		DBBA47C01B060DEA0004BBA2 /* Resources */ = {
			isa = PBXResourcesBuildPhase;
			buildActionMask = 2147483647;
			files = (
				DBA29F4E1B8ADCB800ADED27 /* Settings.bundle in Resources */,
				DBBA47CD1B060DEA0004BBA2 /* Main.storyboard in Resources */,
				DBBA47D21B060DEA0004BBA2 /* LaunchScreen.xib in Resources */,
				DBBA47CF1B060DEA0004BBA2 /* Images.xcassets in Resources */,
			);
			runOnlyForDeploymentPostprocessing = 0;
		};
		DBBA47D51B060DEA0004BBA2 /* Resources */ = {
			isa = PBXResourcesBuildPhase;
			buildActionMask = 2147483647;
			files = (
			);
			runOnlyForDeploymentPostprocessing = 0;
		};
/* End PBXResourcesBuildPhase section */

/* Begin PBXShellScriptBuildPhase section */
		4FC16B25B0B20EACB5E09D32 /* Copy Pods Resources */ = {
			isa = PBXShellScriptBuildPhase;
			buildActionMask = 2147483647;
			files = (
			);
			inputPaths = (
			);
			name = "Copy Pods Resources";
			outputPaths = (
			);
			runOnlyForDeploymentPostprocessing = 0;
			shellPath = /bin/sh;
			shellScript = "\"${SRCROOT}/Pods/Target Support Files/Pods/Pods-resources.sh\"\n";
			showEnvVarsInLog = 0;
		};
		5C5C0AE36DB7610DF27EFB17 /* Embed Pods Frameworks */ = {
			isa = PBXShellScriptBuildPhase;
			buildActionMask = 2147483647;
			files = (
			);
			inputPaths = (
			);
			name = "Embed Pods Frameworks";
			outputPaths = (
			);
			runOnlyForDeploymentPostprocessing = 0;
			shellPath = /bin/sh;
			shellScript = "\"${SRCROOT}/Pods/Target Support Files/Pods/Pods-frameworks.sh\"\n";
			showEnvVarsInLog = 0;
		};
		BEE8F845515578E7C569AAF5 /* Check Pods Manifest.lock */ = {
			isa = PBXShellScriptBuildPhase;
			buildActionMask = 2147483647;
			files = (
			);
			inputPaths = (
			);
			name = "Check Pods Manifest.lock";
			outputPaths = (
			);
			runOnlyForDeploymentPostprocessing = 0;
			shellPath = /bin/sh;
			shellScript = "diff \"${PODS_ROOT}/../Podfile.lock\" \"${PODS_ROOT}/Manifest.lock\" > /dev/null\nif [[ $? != 0 ]] ; then\n    cat << EOM\nerror: The sandbox is not in sync with the Podfile.lock. Run 'pod install' or update your CocoaPods installation.\nEOM\n    exit 1\nfi\n";
			showEnvVarsInLog = 0;
		};
/* End PBXShellScriptBuildPhase section */

/* Begin PBXSourcesBuildPhase section */
		DB08F6381BBC28F8005DBC6B /* Sources */ = {
			isa = PBXSourcesBuildPhase;
			buildActionMask = 2147483647;
			files = (
				DB08F63F1BBC28F8005DBC6B /* Bangumi_MUITests.swift in Sources */,
			);
			runOnlyForDeploymentPostprocessing = 0;
		};
		DBBA47BE1B060DEA0004BBA2 /* Sources */ = {
			isa = PBXSourcesBuildPhase;
			buildActionMask = 2147483647;
			files = (
				DBFC3AC11B7A3D6600F406FF /* BangumiAnimeModel.swift in Sources */,
				DB8DCB661B873EEC00C5F8D1 /* Topic.swift in Sources */,
				DB7E938E1B82C4CA003C419B /* MenuTransitionDelegate.swift in Sources */,
				DB5B042E1B85E5A10074C80E /* AnimeSubject.swift in Sources */,
				DBD2D57A1B843ADE00EED59A /* SearchBoxTabelCell.swift in Sources */,
				DB5B042A1B85DBAD0074C80E /* BangumiDetail.swift in Sources */,
				DB5B04401B85E7BE0074C80E /* SubjectItemStatus.swift in Sources */,
				DBB2A8E51B08317B00B48C52 /* BangumiJSON.swift in Sources */,
				DBD2D5751B841D2400EED59A /* MGSwipeButton.m in Sources */,
				DBA29F531B8B24FC00ADED27 /* UIImage.swift in Sources */,
				DBFBCB831B633376001F3CD1 /* AnimeCollectTableViewController.swift in Sources */,
				DBBA47F31B064CF00004BBA2 /* AnimeListTableViewCell.swift in Sources */,
				DBD2D5761B841D2400EED59A /* MGSwipeTableCell.m in Sources */,
				DBBA47CA1B060DEA0004BBA2 /* LoginViewController.swift in Sources */,
				DB4C76611B7E3A8A00B5E921 /* UIApplication.swift in Sources */,
				DB5B043E1B85E7860074C80E /* Actor.swift in Sources */,
				DBBA47E81B0617020004BBA2 /* AnimeListTableViewController.swift in Sources */,
				DB59EC651B873DF8000AFA7A /* CMKTopicTableViewCell.swift in Sources */,
				DBC3AC8C1B070539001AA9A7 /* BangumiAnimeDetail.swift in Sources */,
				DBD2D5781B841DC700EED59A /* SearchBoxTableViewController.swift in Sources */,
				DB64E6CC1B7BA706001B819D /* SearchTableViewCell.swift in Sources */,
				DB5B04341B85E6310074C80E /* AnimeEps.swift in Sources */,
				DB83E2781B0F854D007BE039 /* PercolatorKey.swift in Sources */,
				DB4C765D1B7DF0FA00B5E921 /* FavoritesTableViewCellDelegate.swift in Sources */,
				DB4C765F1B7E24B400B5E921 /* SwiftNotice.swift in Sources */,
				DBFC3ABD1B7A18B400F406FF /* SWRevealViewController.m in Sources */,
				DBD2D57C1B84AEB300EED59A /* BangumiAPI.swift in Sources */,
				DBABA4041B10118600C8DDB0 /* BangumiGridStatus.swift in Sources */,
				DB6820011B7C92A0001ED454 /* BangumiFavoriteModel.swift in Sources */,
				DB5B04321B85E6150074C80E /* AnimeCollection.swift in Sources */,
				DBBA47F91B064D580004BBA2 /* BangumiAnime.swift in Sources */,
				DB5B04421B85E7DD0074C80E /* EpsCollectInfo.swift in Sources */,
				DB5B04441B85F7660074C80E /* CMKTableViewCell.swift in Sources */,
				DBD2D57E1B84CE7000EED59A /* DetailViewController.swift in Sources */,
				DB9965C21B88970F001314A0 /* CMKEPTableViewCell.swift in Sources */,
				DB43BD981B0E33ED003477C7 /* AnimeDetailTableViewCell.swift in Sources */,
				DB5B042C1B85E56F0074C80E /* Avatar.swift in Sources */,
				DB6820041B7D0177001ED454 /* FavoritesTableViewCell.swift in Sources */,
				DB64E6C51B7B5B1C001B819D /* BangumiSearchModel.swift in Sources */,
				DBFBCB811B63157E001F3CD1 /* Color.swift in Sources */,
				DBBA47ED1B061D250004BBA2 /* BangumiUser.swift in Sources */,
				DB5B043B1B85E6F40074C80E /* Crt.swift in Sources */,
				DB33F10F1B8A97A800976CD6 /* AboutViewController.swift in Sources */,
				DB8DCBC81B876E7800C5F8D1 /* Percolator.xcdatamodeld in Sources */,
				DB5B04281B85DA7C0074C80E /* CMKCollectionViewCell.swift in Sources */,
				DBFC3AC31B7A3DD000F406FF /* MenuTableViewController.swift in Sources */,
				DB5B04361B85E6530074C80E /* AnimeEp.swift in Sources */,
				DBBA47C81B060DEA0004BBA2 /* AppDelegate.swift in Sources */,
				DB18C8B01B0A2ABD00A0BA11 /* KeychainWrapper.m in Sources */,
				DBB3FCD11B86F21000FFF8DE /* Staff.swift in Sources */,
				DB51B94F1B7DC90F007B06BC /* BangumiTableViewDelegate.swift in Sources */,
				DB5B04301B85E5E70074C80E /* AnimeImages.swift in Sources */,
				DBBA47EB1B0619DE0004BBA2 /* BangumiRequest.swift in Sources */,
				DB3C7F141C44B52E0092FD82 /* UIDevice.swift in Sources */,
				DB82E7781B1072C3002E560B /* AnimeDetailSummayTableViewCell.swift in Sources */,
				DB9965C41B89A11E001314A0 /* UINavigationBar.swift in Sources */,
				DB5B04241B85D9C40074C80E /* UINavigationBar+Awesome.m in Sources */,
				DB5B04391B85E6B90074C80E /* BangumiKey.swift in Sources */,
			);
			runOnlyForDeploymentPostprocessing = 0;
		};
		DBBA47D31B060DEA0004BBA2 /* Sources */ = {
			isa = PBXSourcesBuildPhase;
			buildActionMask = 2147483647;
			files = (
				DBBA47DE1B060DEA0004BBA2 /* PercolatorTests.swift in Sources */,
			);
			runOnlyForDeploymentPostprocessing = 0;
		};
/* End PBXSourcesBuildPhase section */

/* Begin PBXTargetDependency section */
		DB08F6421BBC28F8005DBC6B /* PBXTargetDependency */ = {
			isa = PBXTargetDependency;
			target = DBBA47C11B060DEA0004BBA2 /* Bangumi M */;
			targetProxy = DB08F6411BBC28F8005DBC6B /* PBXContainerItemProxy */;
		};
		DBBA47D91B060DEA0004BBA2 /* PBXTargetDependency */ = {
			isa = PBXTargetDependency;
			target = DBBA47C11B060DEA0004BBA2 /* Bangumi M */;
			targetProxy = DBBA47D81B060DEA0004BBA2 /* PBXContainerItemProxy */;
		};
/* End PBXTargetDependency section */

/* Begin PBXVariantGroup section */
		DBBA47CB1B060DEA0004BBA2 /* Main.storyboard */ = {
			isa = PBXVariantGroup;
			children = (
				DBBA47CC1B060DEA0004BBA2 /* Base */,
				DBFABCE21CE84BF70056C862 /* zh-Hans */,
			);
			name = Main.storyboard;
			sourceTree = "<group>";
		};
		DBBA47D01B060DEA0004BBA2 /* LaunchScreen.xib */ = {
			isa = PBXVariantGroup;
			children = (
				DBBA47D11B060DEA0004BBA2 /* Base */,
				DBFABCE31CE84C830056C862 /* zh-Hans */,
			);
			name = LaunchScreen.xib;
			sourceTree = "<group>";
		};
/* End PBXVariantGroup section */

/* Begin XCBuildConfiguration section */
		DB08F6431BBC28F8005DBC6B /* Debug */ = {
			isa = XCBuildConfiguration;
			buildSettings = {
				DEBUG_INFORMATION_FORMAT = dwarf;
				ENABLE_TESTABILITY = YES;
				INFOPLIST_FILE = "Bangumi MUITests/Info.plist";
				IPHONEOS_DEPLOYMENT_TARGET = 9.0;
				LD_RUNPATH_SEARCH_PATHS = "$(inherited) @executable_path/Frameworks @loader_path/Frameworks";
				PRODUCT_BUNDLE_IDENTIFIER = "com.mainasuk.Bangumi-MUITests";
				PRODUCT_NAME = "$(TARGET_NAME)";
				PROVISIONING_PROFILE = "";
				TEST_TARGET_NAME = "Bangumi M";
				USES_XCTRUNNER = YES;
			};
			name = Debug;
		};
		DB08F6441BBC28F8005DBC6B /* Release */ = {
			isa = XCBuildConfiguration;
			buildSettings = {
				INFOPLIST_FILE = "Bangumi MUITests/Info.plist";
				IPHONEOS_DEPLOYMENT_TARGET = 9.0;
				LD_RUNPATH_SEARCH_PATHS = "$(inherited) @executable_path/Frameworks @loader_path/Frameworks";
				PRODUCT_BUNDLE_IDENTIFIER = "com.mainasuk.Bangumi-MUITests";
				PRODUCT_NAME = "$(TARGET_NAME)";
				PROVISIONING_PROFILE = "";
				TEST_TARGET_NAME = "Bangumi M";
				USES_XCTRUNNER = YES;
			};
			name = Release;
		};
		DBBA47DF1B060DEA0004BBA2 /* Debug */ = {
			isa = XCBuildConfiguration;
			buildSettings = {
				ALWAYS_SEARCH_USER_PATHS = NO;
				CLANG_CXX_LANGUAGE_STANDARD = "gnu++0x";
				CLANG_CXX_LIBRARY = "libc++";
				CLANG_ENABLE_MODULES = YES;
				CLANG_ENABLE_OBJC_ARC = YES;
				CLANG_WARN_BOOL_CONVERSION = YES;
				CLANG_WARN_CONSTANT_CONVERSION = YES;
				CLANG_WARN_DIRECT_OBJC_ISA_USAGE = YES_ERROR;
				CLANG_WARN_EMPTY_BODY = YES;
				CLANG_WARN_ENUM_CONVERSION = YES;
				CLANG_WARN_INT_CONVERSION = YES;
				CLANG_WARN_OBJC_ROOT_CLASS = YES_ERROR;
				CLANG_WARN_UNREACHABLE_CODE = YES;
				CLANG_WARN__DUPLICATE_METHOD_MATCH = YES;
				"CODE_SIGN_IDENTITY[sdk=iphoneos*]" = "iPhone Developer";
				COPY_PHASE_STRIP = NO;
				DEBUG_INFORMATION_FORMAT = "dwarf-with-dsym";
				ENABLE_STRICT_OBJC_MSGSEND = YES;
				ENABLE_TESTABILITY = YES;
				GCC_C_LANGUAGE_STANDARD = gnu99;
				GCC_DYNAMIC_NO_PIC = NO;
				GCC_NO_COMMON_BLOCKS = YES;
				GCC_OPTIMIZATION_LEVEL = 0;
				GCC_PREPROCESSOR_DEFINITIONS = (
					"DEBUG=1",
					"$(inherited)",
				);
				GCC_SYMBOLS_PRIVATE_EXTERN = NO;
				GCC_WARN_64_TO_32_BIT_CONVERSION = YES;
				GCC_WARN_ABOUT_RETURN_TYPE = YES_ERROR;
				GCC_WARN_UNDECLARED_SELECTOR = YES;
				GCC_WARN_UNINITIALIZED_AUTOS = YES_AGGRESSIVE;
				GCC_WARN_UNUSED_FUNCTION = YES;
				GCC_WARN_UNUSED_VARIABLE = YES;
				IPHONEOS_DEPLOYMENT_TARGET = 8.0;
				MTL_ENABLE_DEBUG_INFO = YES;
				ONLY_ACTIVE_ARCH = YES;
				OTHER_SWIFT_FLAGS = "";
				PRODUCT_NAME = "";
				SDKROOT = iphoneos;
				SWIFT_OPTIMIZATION_LEVEL = "-Onone";
			};
			name = Debug;
		};
		DBBA47E01B060DEA0004BBA2 /* Release */ = {
			isa = XCBuildConfiguration;
			buildSettings = {
				ALWAYS_SEARCH_USER_PATHS = NO;
				CLANG_CXX_LANGUAGE_STANDARD = "gnu++0x";
				CLANG_CXX_LIBRARY = "libc++";
				CLANG_ENABLE_MODULES = YES;
				CLANG_ENABLE_OBJC_ARC = YES;
				CLANG_WARN_BOOL_CONVERSION = YES;
				CLANG_WARN_CONSTANT_CONVERSION = YES;
				CLANG_WARN_DIRECT_OBJC_ISA_USAGE = YES_ERROR;
				CLANG_WARN_EMPTY_BODY = YES;
				CLANG_WARN_ENUM_CONVERSION = YES;
				CLANG_WARN_INT_CONVERSION = YES;
				CLANG_WARN_OBJC_ROOT_CLASS = YES_ERROR;
				CLANG_WARN_UNREACHABLE_CODE = YES;
				CLANG_WARN__DUPLICATE_METHOD_MATCH = YES;
				"CODE_SIGN_IDENTITY[sdk=iphoneos*]" = "iPhone Developer";
				COPY_PHASE_STRIP = NO;
				DEBUG_INFORMATION_FORMAT = "dwarf-with-dsym";
				ENABLE_NS_ASSERTIONS = NO;
				ENABLE_STRICT_OBJC_MSGSEND = YES;
				GCC_C_LANGUAGE_STANDARD = gnu99;
				GCC_NO_COMMON_BLOCKS = YES;
				GCC_WARN_64_TO_32_BIT_CONVERSION = YES;
				GCC_WARN_ABOUT_RETURN_TYPE = YES_ERROR;
				GCC_WARN_UNDECLARED_SELECTOR = YES;
				GCC_WARN_UNINITIALIZED_AUTOS = YES_AGGRESSIVE;
				GCC_WARN_UNUSED_FUNCTION = YES;
				GCC_WARN_UNUSED_VARIABLE = YES;
				IPHONEOS_DEPLOYMENT_TARGET = 8.0;
				MTL_ENABLE_DEBUG_INFO = NO;
				PRODUCT_NAME = "";
				SDKROOT = iphoneos;
				VALIDATE_PRODUCT = YES;
			};
			name = Release;
		};
		DBBA47E21B060DEA0004BBA2 /* Debug */ = {
			isa = XCBuildConfiguration;
			baseConfigurationReference = 91F1BC0167136CE2E75161D7 /* Pods.debug.xcconfig */;
			buildSettings = {
				ASSETCATALOG_COMPILER_APPICON_NAME = "Bangumi M";
				CLANG_ENABLE_MODULES = YES;
				CODE_SIGN_ENTITLEMENTS = Percolator/Percolator.entitlements;
				CODE_SIGN_IDENTITY = "iPhone Developer";
				"CODE_SIGN_IDENTITY[sdk=iphoneos*]" = "iPhone Developer";
				INFOPLIST_FILE = Percolator/Info.plist;
				IPHONEOS_DEPLOYMENT_TARGET = 8.0;
				LD_RUNPATH_SEARCH_PATHS = "$(inherited) @executable_path/Frameworks";
				PRODUCT_BUNDLE_IDENTIFIER = "com.mainasuk.$(PRODUCT_NAME:rfc1034identifier)";
				PRODUCT_NAME = "$(TARGET_NAME)";
				PROVISIONING_PROFILE = "";
				RUN_CLANG_STATIC_ANALYZER = YES;
				SWIFT_OBJC_BRIDGING_HEADER = "Percolator/Percolator-Bridging-Header.h";
				SWIFT_OPTIMIZATION_LEVEL = "-Onone";
				TARGETED_DEVICE_FAMILY = "1,2";
			};
			name = Debug;
		};
		DBBA47E31B060DEA0004BBA2 /* Release */ = {
			isa = XCBuildConfiguration;
			baseConfigurationReference = 3D1E58D1FF129BDF6841C36C /* Pods.release.xcconfig */;
			buildSettings = {
				ASSETCATALOG_COMPILER_APPICON_NAME = "Bangumi M";
				CLANG_ENABLE_MODULES = YES;
				CODE_SIGN_ENTITLEMENTS = Percolator/Percolator.entitlements;
				CODE_SIGN_IDENTITY = "iPhone Developer";
				"CODE_SIGN_IDENTITY[sdk=iphoneos*]" = "iPhone Developer";
				GCC_OPTIMIZATION_LEVEL = s;
				INFOPLIST_FILE = Percolator/Info.plist;
				IPHONEOS_DEPLOYMENT_TARGET = 8.0;
				LD_RUNPATH_SEARCH_PATHS = "$(inherited) @executable_path/Frameworks";
				PRODUCT_BUNDLE_IDENTIFIER = "com.mainasuk.$(PRODUCT_NAME:rfc1034identifier)";
				PRODUCT_NAME = "$(TARGET_NAME)";
				PROVISIONING_PROFILE = "";
				RUN_CLANG_STATIC_ANALYZER = YES;
				SWIFT_OBJC_BRIDGING_HEADER = "Percolator/Percolator-Bridging-Header.h";
				SWIFT_OPTIMIZATION_LEVEL = "-Owholemodule";
				TARGETED_DEVICE_FAMILY = "1,2";
			};
			name = Release;
		};
		DBBA47E51B060DEA0004BBA2 /* Debug */ = {
			isa = XCBuildConfiguration;
			buildSettings = {
				BUNDLE_LOADER = "$(TEST_HOST)";
				FRAMEWORK_SEARCH_PATHS = "";
				GCC_PREPROCESSOR_DEFINITIONS = (
					"DEBUG=1",
					"$(inherited)",
				);
				INFOPLIST_FILE = PercolatorTests/Info.plist;
				LD_RUNPATH_SEARCH_PATHS = "$(inherited) @executable_path/Frameworks @loader_path/Frameworks";
				PRODUCT_BUNDLE_IDENTIFIER = "com.mainasuk.$(PRODUCT_NAME:rfc1034identifier)";
				PRODUCT_NAME = "$(TARGET_NAME)";
				TEST_HOST = "$(BUILT_PRODUCTS_DIR)/Bangumi M.app/Bangumi M";
			};
			name = Debug;
		};
		DBBA47E61B060DEA0004BBA2 /* Release */ = {
			isa = XCBuildConfiguration;
			buildSettings = {
				BUNDLE_LOADER = "$(TEST_HOST)";
				FRAMEWORK_SEARCH_PATHS = "";
				INFOPLIST_FILE = PercolatorTests/Info.plist;
				LD_RUNPATH_SEARCH_PATHS = "$(inherited) @executable_path/Frameworks @loader_path/Frameworks";
				PRODUCT_BUNDLE_IDENTIFIER = "com.mainasuk.$(PRODUCT_NAME:rfc1034identifier)";
				PRODUCT_NAME = "$(TARGET_NAME)";
				TEST_HOST = "$(BUILT_PRODUCTS_DIR)/Bangumi M.app/Bangumi M";
			};
			name = Release;
		};
/* End XCBuildConfiguration section */

/* Begin XCConfigurationList section */
		DB08F6451BBC28F8005DBC6B /* Build configuration list for PBXNativeTarget "Bangumi MUITests" */ = {
			isa = XCConfigurationList;
			buildConfigurations = (
				DB08F6431BBC28F8005DBC6B /* Debug */,
				DB08F6441BBC28F8005DBC6B /* Release */,
			);
			defaultConfigurationIsVisible = 0;
			defaultConfigurationName = Release;
		};
		DBBA47BD1B060DEA0004BBA2 /* Build configuration list for PBXProject "Percolator" */ = {
			isa = XCConfigurationList;
			buildConfigurations = (
				DBBA47DF1B060DEA0004BBA2 /* Debug */,
				DBBA47E01B060DEA0004BBA2 /* Release */,
			);
			defaultConfigurationIsVisible = 0;
			defaultConfigurationName = Release;
		};
		DBBA47E11B060DEA0004BBA2 /* Build configuration list for PBXNativeTarget "Bangumi M" */ = {
			isa = XCConfigurationList;
			buildConfigurations = (
				DBBA47E21B060DEA0004BBA2 /* Debug */,
				DBBA47E31B060DEA0004BBA2 /* Release */,
			);
			defaultConfigurationIsVisible = 0;
			defaultConfigurationName = Release;
		};
		DBBA47E41B060DEA0004BBA2 /* Build configuration list for PBXNativeTarget "Bangumi MTests" */ = {
			isa = XCConfigurationList;
			buildConfigurations = (
				DBBA47E51B060DEA0004BBA2 /* Debug */,
				DBBA47E61B060DEA0004BBA2 /* Release */,
			);
			defaultConfigurationIsVisible = 0;
			defaultConfigurationName = Release;
		};
/* End XCConfigurationList section */

/* Begin XCVersionGroup section */
		DB8DCBC61B876E7800C5F8D1 /* Percolator.xcdatamodeld */ = {
			isa = XCVersionGroup;
			children = (
				DB8DCBC71B876E7800C5F8D1 /* Percolator.xcdatamodel */,
			);
			currentVersion = DB8DCBC71B876E7800C5F8D1 /* Percolator.xcdatamodel */;
			path = Percolator.xcdatamodeld;
			sourceTree = "<group>";
			versionGroupType = wrapper.xcdatamodel;
		};
/* End XCVersionGroup section */
	};
	rootObject = DBBA47BA1B060DEA0004BBA2 /* Project object */;
}
