// !$*UTF8*$!
{
	archiveVersion = 1;
	classes = {
	};
	objectVersion = 46;
	objects = {

/* Begin PBXBuildFile section */
		24BA3D3088C0CEC36184D603 /* Pods_Bangumi_M_Tests.framework in Frameworks */ = {isa = PBXBuildFile; fileRef = 4E1E7910BB244E55898E3866 /* Pods_Bangumi_M_Tests.framework */; settings = {ATTRIBUTES = (Required, ); }; };
		7500CEB329EBC0E473F22F9C /* Pods_Bangumi_M.framework in Frameworks */ = {isa = PBXBuildFile; fileRef = AEB9A65F495FD84C26272CC2 /* Pods_Bangumi_M.framework */; settings = {ATTRIBUTES = (Weak, ); }; };
		BD5F69D0BFB882A0A4140836 /* Pods_Bangumi_M_UITests.framework in Frameworks */ = {isa = PBXBuildFile; fileRef = A50E10398D8D754A91C11FA1 /* Pods_Bangumi_M_UITests.framework */; settings = {ATTRIBUTES = (Required, ); }; };
		DB026CE81D37372C0023A507 /* Percolator.xcdatamodeld in Sources */ = {isa = PBXBuildFile; fileRef = DB026CE61D37372C0023A507 /* Percolator.xcdatamodeld */; };
		DB044F771D37DE7F00CB79FB /* TableViewDataSource+DataProvider.swift in Sources */ = {isa = PBXBuildFile; fileRef = DB044F761D37DE7F00CB79FB /* TableViewDataSource+DataProvider.swift */; };
		DB0A43321F2E22FB00010030 /* LoginViewPresentTransition.swift in Sources */ = {isa = PBXBuildFile; fileRef = DB0A43311F2E22FB00010030 /* LoginViewPresentTransition.swift */; };
		DB0B6B081D1632EE007AA8AE /* DetailTableViewBannerCell.swift in Sources */ = {isa = PBXBuildFile; fileRef = DB0B6B071D162A80007AA8AE /* DetailTableViewBannerCell.swift */; };
		DB0BC8031D1194870091ECE0 /* AppDelegate.swift in Sources */ = {isa = PBXBuildFile; fileRef = DBBA47C71B060DEA0004BBA2 /* AppDelegate.swift */; };
		DB0BC8041D1195FD0091ECE0 /* AnimeListTableViewController.swift in Sources */ = {isa = PBXBuildFile; fileRef = DBBA47E71B0617020004BBA2 /* AnimeListTableViewController.swift */; };
		DB0BC8051D1197FE0091ECE0 /* AnimeListTableViewCell.swift in Sources */ = {isa = PBXBuildFile; fileRef = DBBA47F21B064CF00004BBA2 /* AnimeListTableViewCell.swift */; };
		DB0BC8061D11B6450091ECE0 /* UIApplication.swift in Sources */ = {isa = PBXBuildFile; fileRef = DB4C76601B7E3A8A00B5E921 /* UIApplication.swift */; };
		DB0DA60E1D430EF3005F4E01 /* AnimeListTableViewCellDelegate.swift in Sources */ = {isa = PBXBuildFile; fileRef = DB0DA60D1D430EF3005F4E01 /* AnimeListTableViewCellDelegate.swift */; };
		DB1AAAFD1D33D39100EE7727 /* LoginViewController.swift in Sources */ = {isa = PBXBuildFile; fileRef = DBBA47C91B060DEA0004BBA2 /* LoginViewController.swift */; };
		DB1AAAFF1D33DE9500EE7727 /* UINavigationController.swift in Sources */ = {isa = PBXBuildFile; fileRef = DB1AAAFE1D33DE9500EE7727 /* UINavigationController.swift */; };
		DB1AAB011D33EEA500EE7727 /* Result.swift in Sources */ = {isa = PBXBuildFile; fileRef = DB1AAB001D33EEA500EE7727 /* Result.swift */; };
		DB1AAB021D33F92600EE7727 /* User.swift in Sources */ = {isa = PBXBuildFile; fileRef = DBBA47EC1B061D250004BBA2 /* User.swift */; };
		DB22FE101D16ADE4004A082D /* DetailTableViewMoreSubjectCell.swift in Sources */ = {isa = PBXBuildFile; fileRef = DB22FE0F1D16ADE4004A082D /* DetailTableViewMoreSubjectCell.swift */; };
		DB22FE121D16CB01004A082D /* DetailTableViewEPSCell.swift in Sources */ = {isa = PBXBuildFile; fileRef = DB22FE111D16CB01004A082D /* DetailTableViewEPSCell.swift */; };
		DB22FE141D16E97C004A082D /* DetailTableViewEPSHeaderFooterView.swift in Sources */ = {isa = PBXBuildFile; fileRef = DB22FE131D16E97C004A082D /* DetailTableViewEPSHeaderFooterView.swift */; };
		DB22FE161D16E9E6004A082D /* DetailTableViewEPSHeaderFooterView.xib in Resources */ = {isa = PBXBuildFile; fileRef = DB22FE151D16E9E6004A082D /* DetailTableViewEPSHeaderFooterView.xib */; };
		DB2C7B251D45AC8500386366 /* ConfigurableHeader.swift in Sources */ = {isa = PBXBuildFile; fileRef = DB2C7B241D45AC8500386366 /* ConfigurableHeader.swift */; };
		DB3159711D139C06007B280E /* SearchBoxTableViewController.swift in Sources */ = {isa = PBXBuildFile; fileRef = DBD2D5771B841DC700EED59A /* SearchBoxTableViewController.swift */; };
		DB3159721D139CD5007B280E /* SearchBoxTabelViewCell.swift in Sources */ = {isa = PBXBuildFile; fileRef = DBD2D5791B843ADE00EED59A /* SearchBoxTabelViewCell.swift */; };
		DB3159731D13D8DD007B280E /* DetailTableViewController.swift in Sources */ = {isa = PBXBuildFile; fileRef = DBD2D57D1B84CE7000EED59A /* DetailTableViewController.swift */; };
		DB38795F1D44302E0022AD93 /* TagWriteView.swift in Sources */ = {isa = PBXBuildFile; fileRef = DB38795E1D44302E0022AD93 /* TagWriteView.swift */; };
		DB3A232E1D45FB9D00D70DFF /* TopicTableViewModel.swift in Sources */ = {isa = PBXBuildFile; fileRef = DB61BED31D45E8B500D18F2B /* TopicTableViewModel.swift */; };
		DB3B78921D181BF9001A9AF6 /* TopicTableViewHeaderFooterView.swift in Sources */ = {isa = PBXBuildFile; fileRef = DB3B78911D181BF9001A9AF6 /* TopicTableViewHeaderFooterView.swift */; };
		DB3B78941D181C07001A9AF6 /* TopicTableViewHeaderFooterView.xib in Resources */ = {isa = PBXBuildFile; fileRef = DB3B78931D181C07001A9AF6 /* TopicTableViewHeaderFooterView.xib */; };
		DB3FC1A81D339B780045C339 /* BangumiRequest.swift in Sources */ = {isa = PBXBuildFile; fileRef = DBBA47EA1B0619DE0004BBA2 /* BangumiRequest.swift */; };
		DB5021831D3FCDC100148C8F /* BangumiRequest+Progress.swift in Sources */ = {isa = PBXBuildFile; fileRef = DB5021821D3FCDC100148C8F /* BangumiRequest+Progress.swift */; };
		DB5021851D3FCEF700148C8F /* Progress.swift in Sources */ = {isa = PBXBuildFile; fileRef = DB5021841D3FCEF700148C8F /* Progress.swift */; };
		DB5B042C1B85E56F0074C80E /* Avatar.swift in Sources */ = {isa = PBXBuildFile; fileRef = DB5B042B1B85E56F0074C80E /* Avatar.swift */; };
		DB5B04391B85E6B90074C80E /* BangumiKey.swift in Sources */ = {isa = PBXBuildFile; fileRef = DB5B04381B85E6B90074C80E /* BangumiKey.swift */; };
		DB5B04421B85E7DD0074C80E /* CollectInfo.swift in Sources */ = {isa = PBXBuildFile; fileRef = DB5B04411B85E7DD0074C80E /* CollectInfo.swift */; };
		DB61BED61D45EC7500D18F2B /* Parser.swift in Sources */ = {isa = PBXBuildFile; fileRef = DB61BED51D45EC7500D18F2B /* Parser.swift */; };
		DB6B1BCB1D182F390005CAE6 /* SubjectCollectionViewController.swift in Sources */ = {isa = PBXBuildFile; fileRef = DB6B1BCA1D182F390005CAE6 /* SubjectCollectionViewController.swift */; };
		DB6B1BCD1D182F570005CAE6 /* SubjectCollectionViewBookCell.swift in Sources */ = {isa = PBXBuildFile; fileRef = DB6B1BCC1D182F570005CAE6 /* SubjectCollectionViewBookCell.swift */; };
		DB6B1BCF1D182F6F0005CAE6 /* SubjectCollectionViewNotBookCell.swift in Sources */ = {isa = PBXBuildFile; fileRef = DB6B1BCE1D182F6F0005CAE6 /* SubjectCollectionViewNotBookCell.swift */; };
		DB7560961D4B1086005A5046 /* DetailTableViewCell+CollectionView.swift in Sources */ = {isa = PBXBuildFile; fileRef = DB7560951D4B1086005A5046 /* DetailTableViewCell+CollectionView.swift */; };
		DB7560971D4B1805005A5046 /* Crt.swift in Sources */ = {isa = PBXBuildFile; fileRef = DB5B043A1B85E6F40074C80E /* Crt.swift */; };
		DB7560981D4B1843005A5046 /* Staff.swift in Sources */ = {isa = PBXBuildFile; fileRef = DBB3FCD01B86F21000FFF8DE /* Staff.swift */; };
		DB7A352A1D37F14600FADA6C /* UISearchController.swift in Sources */ = {isa = PBXBuildFile; fileRef = DB7A35291D37F14600FADA6C /* UISearchController.swift */; };
		DB7C24AD1D42F98D00A1A9BC /* DetailTableViewEPSCellDelegate.swift in Sources */ = {isa = PBXBuildFile; fileRef = DB7C24AC1D42F98D00A1A9BC /* DetailTableViewEPSCellDelegate.swift */; };
		DB7D135F1D18E89300ACA94B /* SubjectCollectionViewLayoutAttributes.swift in Sources */ = {isa = PBXBuildFile; fileRef = DB7D135E1D18E89300ACA94B /* SubjectCollectionViewLayoutAttributes.swift */; };
		DB7D13611D18E96D00ACA94B /* SubjectCollectionReusableView.swift in Sources */ = {isa = PBXBuildFile; fileRef = DB7D13601D18E96D00ACA94B /* SubjectCollectionReusableView.swift */; };
		DB7D13631D18F25700ACA94B /* SubjectCollectionViewLayout.swift in Sources */ = {isa = PBXBuildFile; fileRef = DB7D13621D18F25700ACA94B /* SubjectCollectionViewLayout.swift */; };
		DB7D13651D192F1D00ACA94B /* SubjectCollectionReusableHeaderView.swift in Sources */ = {isa = PBXBuildFile; fileRef = DB7D13641D192F1D00ACA94B /* SubjectCollectionReusableHeaderView.swift */; };
		DB7D87F41D16FC0F00885937 /* DetailTableView.swift in Sources */ = {isa = PBXBuildFile; fileRef = DB7D87F31D16FC0F00885937 /* DetailTableView.swift */; };
		DB7D87F61D17894B00885937 /* TopicTableViewController.swift in Sources */ = {isa = PBXBuildFile; fileRef = DB7D87F51D17894B00885937 /* TopicTableViewController.swift */; };
		DB7D87F81D178D5000885937 /* TopicTableViewCell.swift in Sources */ = {isa = PBXBuildFile; fileRef = DB7D87F71D178D5000885937 /* TopicTableViewCell.swift */; };
		DB7E287C1D3B68F500B529CA /* AnimeListTableViewModel.swift in Sources */ = {isa = PBXBuildFile; fileRef = DB7E287B1D3B68F500B529CA /* AnimeListTableViewModel.swift */; };
		DB7E28851D3BA25600B529CA /* KeychainAsscessTests.swift in Sources */ = {isa = PBXBuildFile; fileRef = DB7E28841D3BA25600B529CA /* KeychainAsscessTests.swift */; };
		DB7E288C1D3BC98B00B529CA /* BangumiRequest+Collection.swift in Sources */ = {isa = PBXBuildFile; fileRef = DB7E288B1D3BC98B00B529CA /* BangumiRequest+Collection.swift */; };
		DB7E288E1D3BE47A00B529CA /* TransitionDelegate.swift in Sources */ = {isa = PBXBuildFile; fileRef = DB7E288D1D3BE47A00B529CA /* TransitionDelegate.swift */; };
		DB80EFF11D34AEFF007DEF09 /* Delay.swift in Sources */ = {isa = PBXBuildFile; fileRef = DB80EFF01D34AEFF007DEF09 /* Delay.swift */; };
		DB80EFF71D34E70E007DEF09 /* Subject.swift in Sources */ = {isa = PBXBuildFile; fileRef = DB80EFF61D34E70E007DEF09 /* Subject.swift */; };
		DB80EFF91D34FC94007DEF09 /* Images.swift in Sources */ = {isa = PBXBuildFile; fileRef = DB80EFF81D34FC94007DEF09 /* Images.swift */; };
		DB80EFFD1D3500D0007DEF09 /* Rating.swift in Sources */ = {isa = PBXBuildFile; fileRef = DB80EFFC1D3500D0007DEF09 /* Rating.swift */; };
		DB80F0051D35BF44007DEF09 /* Reachability.m in Sources */ = {isa = PBXBuildFile; fileRef = DB80F0041D35BF44007DEF09 /* Reachability.m */; };
		DB82D9871D67F9360005474F /* DispatchQueue.swift in Sources */ = {isa = PBXBuildFile; fileRef = DB82D9861D67F9360005474F /* DispatchQueue.swift */; };
		DB83E2781B0F854D007BE039 /* PercolatorKey.swift in Sources */ = {isa = PBXBuildFile; fileRef = DB83E2771B0F854D007BE039 /* PercolatorKey.swift */; };
		DB88206C1D3F19CC009031AE /* DetailTableViewModel.swift in Sources */ = {isa = PBXBuildFile; fileRef = DB88206B1D3F19CC009031AE /* DetailTableViewModel.swift */; };
		DB88206E1D3F1E91009031AE /* Episode.swift in Sources */ = {isa = PBXBuildFile; fileRef = DB88206D1D3F1E91009031AE /* Episode.swift */; };
		DB8BCA281D3A89E8003FB83E /* CGPoint.swift in Sources */ = {isa = PBXBuildFile; fileRef = DB8BCA271D3A89E8003FB83E /* CGPoint.swift */; };
		DB8EA45C1D3F415400348A6C /* DetailTableViewCell.swift in Sources */ = {isa = PBXBuildFile; fileRef = DB8EA45B1D3F415400348A6C /* DetailTableViewCell.swift */; };
		DB9D24FA1D35CCF500269DFE /* UIImage.swift in Sources */ = {isa = PBXBuildFile; fileRef = DB9D24F91D35CCF500269DFE /* UIImage.swift */; };
		DB9E92DF1D50524100C150C4 /* Bangumi_M_UITests.swift in Sources */ = {isa = PBXBuildFile; fileRef = DB9E92DE1D50524100C150C4 /* Bangumi_M_UITests.swift */; };
		DBA29F4E1B8ADCB800ADED27 /* Settings.bundle in Resources */ = {isa = PBXBuildFile; fileRef = DBA29F4D1B8ADCB800ADED27 /* Settings.bundle */; };
		DBA3A1EA1D3FC5AD00365553 /* NetworkSpinner.swift in Sources */ = {isa = PBXBuildFile; fileRef = DBA3A1E91D3FC5AD00365553 /* NetworkSpinner.swift */; };
		DBA480D51D451181004AAF6E /* SubjectCollectionViewCell.swift in Sources */ = {isa = PBXBuildFile; fileRef = DBA480D41D451181004AAF6E /* SubjectCollectionViewCell.swift */; };
		DBA4C90E1D168E8F0043EDED /* CMKCollectButton.swift in Sources */ = {isa = PBXBuildFile; fileRef = DBA4C90D1D168E8F0043EDED /* CMKCollectButton.swift */; };
		DBA4C9121D16A41C0043EDED /* DetailTableViewMoreTopicCell.swift in Sources */ = {isa = PBXBuildFile; fileRef = DBA4C9111D16A41C0043EDED /* DetailTableViewMoreTopicCell.swift */; };
		DBAD79231D39477E00CCB8AE /* ErrorProtocol.swift in Sources */ = {isa = PBXBuildFile; fileRef = DBAD79221D39477E00CCB8AE /* ErrorProtocol.swift */; };
		DBAD9BCE1D3F6BBE00206ACE /* BangumiRequest+Subject.swift in Sources */ = {isa = PBXBuildFile; fileRef = DBAD9BCD1D3F6BBE00206ACE /* BangumiRequest+Subject.swift */; };
		DBAEE4AE1D44AA97008DE0C6 /* Collection.swift in Sources */ = {isa = PBXBuildFile; fileRef = DB80EFFA1D34FEFC007DEF09 /* Collection.swift */; };
		DBB86A151D4504AE00FBB87B /* SubjectCollectionViewModel.swift in Sources */ = {isa = PBXBuildFile; fileRef = DBB86A141D4504AE00FBB87B /* SubjectCollectionViewModel.swift */; };
		DBBA47CD1B060DEA0004BBA2 /* Main.storyboard in Resources */ = {isa = PBXBuildFile; fileRef = DBBA47CB1B060DEA0004BBA2 /* Main.storyboard */; };
		DBBA47CF1B060DEA0004BBA2 /* Images.xcassets in Resources */ = {isa = PBXBuildFile; fileRef = DBBA47CE1B060DEA0004BBA2 /* Images.xcassets */; };
		DBBB52531D47AE6E008A1617 /* SaveActivity.swift in Sources */ = {isa = PBXBuildFile; fileRef = DBBB52521D47AE6E008A1617 /* SaveActivity.swift */; };
		DBBB52551D47AE7D008A1617 /* DeleteActivity.swift in Sources */ = {isa = PBXBuildFile; fileRef = DBBB52541D47AE7D008A1617 /* DeleteActivity.swift */; };
		DBBB52581D47B5CA008A1617 /* SubjectWrapper.swift in Sources */ = {isa = PBXBuildFile; fileRef = DBBB52571D47B5CA008A1617 /* SubjectWrapper.swift */; };
		DBC3A19B1D4B42710016346E /* Actor.swift in Sources */ = {isa = PBXBuildFile; fileRef = DB5B043D1B85E7860074C80E /* Actor.swift */; };
		DBC57A8F1D477167002C4DF2 /* CDSubject.swift in Sources */ = {isa = PBXBuildFile; fileRef = DBC57A8E1D477167002C4DF2 /* CDSubject.swift */; };
		DBCD90BD1D37CDC200E7B37C /* UIAlertController.swift in Sources */ = {isa = PBXBuildFile; fileRef = DBCD90BC1D37CDC200E7B37C /* UIAlertController.swift */; };
		DBCD90C01D37D02300E7B37C /* Localizable.strings in Resources */ = {isa = PBXBuildFile; fileRef = DBCD90C21D37D02300E7B37C /* Localizable.strings */; };
		DBD0695B1D3635EE0063708C /* ConfigurableCell.swift in Sources */ = {isa = PBXBuildFile; fileRef = DBD0695A1D3635EE0063708C /* ConfigurableCell.swift */; };
		DBD0695D1D36601C0063708C /* ConsolePrint.swift in Sources */ = {isa = PBXBuildFile; fileRef = DBD0695C1D36601C0063708C /* ConsolePrint.swift */; };
		DBD069651D3676740063708C /* Bangumi_M_Tests.swift in Sources */ = {isa = PBXBuildFile; fileRef = DBD069641D3676740063708C /* Bangumi_M_Tests.swift */; };
		DBD069701D368ECD0063708C /* Tests.storyboard in Resources */ = {isa = PBXBuildFile; fileRef = DBD0696F1D368ECD0063708C /* Tests.storyboard */; };
		DBD2D57C1B84AEB300EED59A /* BangumiAPI.swift in Sources */ = {isa = PBXBuildFile; fileRef = DBD2D57B1B84AEB300EED59A /* BangumiAPI.swift */; };
		DBD7A9861D56C80B00BCA329 /* BangumiRequest+URL.swift in Sources */ = {isa = PBXBuildFile; fileRef = DBD7A9851D56C80B00BCA329 /* BangumiRequest+URL.swift */; };
		DBD7A9881D56D08500BCA329 /* PercolatorAlertController.swift in Sources */ = {isa = PBXBuildFile; fileRef = DBD7A9871D56D08500BCA329 /* PercolatorAlertController.swift */; };
		DBD91C491D444D94007AFA80 /* CollectTableViewController.swift in Sources */ = {isa = PBXBuildFile; fileRef = DBFBCB821B633376001F3CD1 /* CollectTableViewController.swift */; };
		DBD91C4B1D44546E007AFA80 /* DetailTableViewBannerCellDelegate.swift in Sources */ = {isa = PBXBuildFile; fileRef = DBD91C4A1D44546E007AFA80 /* DetailTableViewBannerCellDelegate.swift */; };
		DBE1C80B1D3C533A0086B83D /* UILabel.swift in Sources */ = {isa = PBXBuildFile; fileRef = DBE1C80A1D3C533A0086B83D /* UILabel.swift */; };
		DBE1C80D1D3C691B0086B83D /* UIFont.swift in Sources */ = {isa = PBXBuildFile; fileRef = DBE1C80C1D3C691B0086B83D /* UIFont.swift */; };
		DBE1C80F1D3C73820086B83D /* String.swift in Sources */ = {isa = PBXBuildFile; fileRef = DBE1C80E1D3C73820086B83D /* String.swift */; };
		DBE1C8111D3C7F060086B83D /* SVProgress+Style.swift in Sources */ = {isa = PBXBuildFile; fileRef = DBE1C8101D3C7F060086B83D /* SVProgress+Style.swift */; };
		DBE2B9611D405F7C00F677DE /* BangumiRequest+EP.swift in Sources */ = {isa = PBXBuildFile; fileRef = DBE2B9601D405F7C00F677DE /* BangumiRequest+EP.swift */; };
		DBEF11331D3743DF00E7A0D7 /* CoreDataStack.swift in Sources */ = {isa = PBXBuildFile; fileRef = DBEF11321D3743DF00E7A0D7 /* CoreDataStack.swift */; };
		DBEF11351D37469300E7A0D7 /* NSURL.swift in Sources */ = {isa = PBXBuildFile; fileRef = DBEF11341D37469300E7A0D7 /* NSURL.swift */; };
		DBEF11371D374F8000E7A0D7 /* BangumiRequestLoginTest.swift in Sources */ = {isa = PBXBuildFile; fileRef = DBEF11361D374F8000E7A0D7 /* BangumiRequestLoginTest.swift */; };
		DBEF113E1D37678800E7A0D7 /* DataProvider.swift in Sources */ = {isa = PBXBuildFile; fileRef = DBEF113D1D37678800E7A0D7 /* DataProvider.swift */; };
		DBEF11401D37748D00E7A0D7 /* DataSource.swift in Sources */ = {isa = PBXBuildFile; fileRef = DBEF113F1D37748D00E7A0D7 /* DataSource.swift */; };
		DBEF11441D377A7A00E7A0D7 /* TableViewDataSource.swift in Sources */ = {isa = PBXBuildFile; fileRef = DBEF11431D377A7A00E7A0D7 /* TableViewDataSource.swift */; };
		DBEF11461D377A8400E7A0D7 /* CollectionViewDataSource.swift in Sources */ = {isa = PBXBuildFile; fileRef = DBEF11451D377A8400E7A0D7 /* CollectionViewDataSource.swift */; };
		DBEF11481D37866800E7A0D7 /* SearchBoxTableViewModel.swift in Sources */ = {isa = PBXBuildFile; fileRef = DBEF11471D37866800E7A0D7 /* SearchBoxTableViewModel.swift */; };
		DBEF114E1D379C5B00E7A0D7 /* BangumiRequest+Login.swift in Sources */ = {isa = PBXBuildFile; fileRef = DBEF114D1D379C5B00E7A0D7 /* BangumiRequest+Login.swift */; };
		DBEF11501D379CD200E7A0D7 /* BangumiRequest+Search.swift in Sources */ = {isa = PBXBuildFile; fileRef = DBEF114F1D379CD200E7A0D7 /* BangumiRequest+Search.swift */; };
		DBEF11521D379D6900E7A0D7 /* BangumiRequest+Error.swift in Sources */ = {isa = PBXBuildFile; fileRef = DBEF11511D379D6900E7A0D7 /* BangumiRequest+Error.swift */; };
		DBFB286B1D50D31000C43E75 /* SimulatorStatusMagic.framework in Frameworks */ = {isa = PBXBuildFile; fileRef = DBFB286A1D50D31000C43E75 /* SimulatorStatusMagic.framework */; };
		DBFBCB811B63157E001F3CD1 /* UIColor.swift in Sources */ = {isa = PBXBuildFile; fileRef = DBFBCB801B63157E001F3CD1 /* UIColor.swift */; };
/* End PBXBuildFile section */

/* Begin PBXContainerItemProxy section */
		DB9E92E11D50524100C150C4 /* PBXContainerItemProxy */ = {
			isa = PBXContainerItemProxy;
			containerPortal = DBBA47BA1B060DEA0004BBA2 /* Project object */;
			proxyType = 1;
			remoteGlobalIDString = DBBA47C11B060DEA0004BBA2;
			remoteInfo = "Bangumi M";
		};
		DBD069671D3676740063708C /* PBXContainerItemProxy */ = {
			isa = PBXContainerItemProxy;
			containerPortal = DBBA47BA1B060DEA0004BBA2 /* Project object */;
			proxyType = 1;
			remoteGlobalIDString = DBBA47C11B060DEA0004BBA2;
			remoteInfo = "Bangumi M";
		};
/* End PBXContainerItemProxy section */

/* Begin PBXCopyFilesBuildPhase section */
		DB3FC1BD1D33A6950045C339 /* Embed Frameworks */ = {
			isa = PBXCopyFilesBuildPhase;
			buildActionMask = 2147483647;
			dstPath = "";
			dstSubfolderSpec = 10;
			files = (
			);
			name = "Embed Frameworks";
			runOnlyForDeploymentPostprocessing = 0;
		};
/* End PBXCopyFilesBuildPhase section */

/* Begin PBXFileReference section */
		05DA1680D06FA348011171FE /* Pods_tests_Bangumi_M_Tests.framework */ = {isa = PBXFileReference; explicitFileType = wrapper.framework; includeInIndex = 0; path = Pods_tests_Bangumi_M_Tests.framework; sourceTree = BUILT_PRODUCTS_DIR; };
		132D057987CE247875843067 /* Pods-Bangumi M UITests.release.xcconfig */ = {isa = PBXFileReference; includeInIndex = 1; lastKnownFileType = text.xcconfig; name = "Pods-Bangumi M UITests.release.xcconfig"; path = "Pods/Target Support Files/Pods-Bangumi M UITests/Pods-Bangumi M UITests.release.xcconfig"; sourceTree = "<group>"; };
		1B559F211ADB84B5BE2FF9DA /* Pods-Bangumi M UITests.debug.xcconfig */ = {isa = PBXFileReference; includeInIndex = 1; lastKnownFileType = text.xcconfig; name = "Pods-Bangumi M UITests.debug.xcconfig"; path = "Pods/Target Support Files/Pods-Bangumi M UITests/Pods-Bangumi M UITests.debug.xcconfig"; sourceTree = "<group>"; };
		2F25F777FF922D757C69B782 /* Pods-Bangumi M Tests.debug.xcconfig */ = {isa = PBXFileReference; includeInIndex = 1; lastKnownFileType = text.xcconfig; name = "Pods-Bangumi M Tests.debug.xcconfig"; path = "Pods/Target Support Files/Pods-Bangumi M Tests/Pods-Bangumi M Tests.debug.xcconfig"; sourceTree = "<group>"; };
		4E1E7910BB244E55898E3866 /* Pods_Bangumi_M_Tests.framework */ = {isa = PBXFileReference; explicitFileType = wrapper.framework; includeInIndex = 0; path = Pods_Bangumi_M_Tests.framework; sourceTree = BUILT_PRODUCTS_DIR; };
		7EFB831DCE065645C982A805 /* Pods-Bangumi M.release.xcconfig */ = {isa = PBXFileReference; includeInIndex = 1; lastKnownFileType = text.xcconfig; name = "Pods-Bangumi M.release.xcconfig"; path = "Pods/Target Support Files/Pods-Bangumi M/Pods-Bangumi M.release.xcconfig"; sourceTree = "<group>"; };
		A341A87A1F6A79DEC81B42B0 /* Pods-Bangumi M.debug.xcconfig */ = {isa = PBXFileReference; includeInIndex = 1; lastKnownFileType = text.xcconfig; name = "Pods-Bangumi M.debug.xcconfig"; path = "Pods/Target Support Files/Pods-Bangumi M/Pods-Bangumi M.debug.xcconfig"; sourceTree = "<group>"; };
		A50E10398D8D754A91C11FA1 /* Pods_Bangumi_M_UITests.framework */ = {isa = PBXFileReference; explicitFileType = wrapper.framework; includeInIndex = 0; path = Pods_Bangumi_M_UITests.framework; sourceTree = BUILT_PRODUCTS_DIR; };
		AEB9A65F495FD84C26272CC2 /* Pods_Bangumi_M.framework */ = {isa = PBXFileReference; explicitFileType = wrapper.framework; includeInIndex = 0; path = Pods_Bangumi_M.framework; sourceTree = BUILT_PRODUCTS_DIR; };
		DB026CE71D37372C0023A507 /* Percolator.xcdatamodel */ = {isa = PBXFileReference; lastKnownFileType = wrapper.xcdatamodel; path = Percolator.xcdatamodel; sourceTree = "<group>"; };
		DB044F761D37DE7F00CB79FB /* TableViewDataSource+DataProvider.swift */ = {isa = PBXFileReference; fileEncoding = 4; lastKnownFileType = sourcecode.swift; path = "TableViewDataSource+DataProvider.swift"; sourceTree = "<group>"; };
		DB0A43311F2E22FB00010030 /* LoginViewPresentTransition.swift */ = {isa = PBXFileReference; fileEncoding = 4; lastKnownFileType = sourcecode.swift; path = LoginViewPresentTransition.swift; sourceTree = "<group>"; };
		DB0B6B071D162A80007AA8AE /* DetailTableViewBannerCell.swift */ = {isa = PBXFileReference; lastKnownFileType = sourcecode.swift; path = DetailTableViewBannerCell.swift; sourceTree = "<group>"; };
		DB0DA60D1D430EF3005F4E01 /* AnimeListTableViewCellDelegate.swift */ = {isa = PBXFileReference; fileEncoding = 4; lastKnownFileType = sourcecode.swift; path = AnimeListTableViewCellDelegate.swift; sourceTree = "<group>"; };
		DB18C8AD1B0A2ABC00A0BA11 /* Percolator-Bridging-Header.h */ = {isa = PBXFileReference; lastKnownFileType = sourcecode.c.h; path = "Percolator-Bridging-Header.h"; sourceTree = "<group>"; };
		DB1AAAFB1D33CECA00EE7727 /* Info.plist */ = {isa = PBXFileReference; fileEncoding = 4; lastKnownFileType = text.plist.xml; path = Info.plist; sourceTree = "<group>"; };
		DB1AAAFE1D33DE9500EE7727 /* UINavigationController.swift */ = {isa = PBXFileReference; fileEncoding = 4; lastKnownFileType = sourcecode.swift; path = UINavigationController.swift; sourceTree = "<group>"; };
		DB1AAB001D33EEA500EE7727 /* Result.swift */ = {isa = PBXFileReference; fileEncoding = 4; lastKnownFileType = sourcecode.swift; path = Result.swift; sourceTree = "<group>"; };
		DB22FE0F1D16ADE4004A082D /* DetailTableViewMoreSubjectCell.swift */ = {isa = PBXFileReference; fileEncoding = 4; lastKnownFileType = sourcecode.swift; path = DetailTableViewMoreSubjectCell.swift; sourceTree = "<group>"; };
		DB22FE111D16CB01004A082D /* DetailTableViewEPSCell.swift */ = {isa = PBXFileReference; fileEncoding = 4; lastKnownFileType = sourcecode.swift; path = DetailTableViewEPSCell.swift; sourceTree = "<group>"; };
		DB22FE131D16E97C004A082D /* DetailTableViewEPSHeaderFooterView.swift */ = {isa = PBXFileReference; fileEncoding = 4; lastKnownFileType = sourcecode.swift; path = DetailTableViewEPSHeaderFooterView.swift; sourceTree = "<group>"; };
		DB22FE151D16E9E6004A082D /* DetailTableViewEPSHeaderFooterView.xib */ = {isa = PBXFileReference; fileEncoding = 4; lastKnownFileType = file.xib; path = DetailTableViewEPSHeaderFooterView.xib; sourceTree = "<group>"; };
		DB2C7B241D45AC8500386366 /* ConfigurableHeader.swift */ = {isa = PBXFileReference; fileEncoding = 4; lastKnownFileType = sourcecode.swift; path = ConfigurableHeader.swift; sourceTree = "<group>"; };
		DB38795E1D44302E0022AD93 /* TagWriteView.swift */ = {isa = PBXFileReference; fileEncoding = 4; lastKnownFileType = sourcecode.swift; path = TagWriteView.swift; sourceTree = "<group>"; };
		DB3B78911D181BF9001A9AF6 /* TopicTableViewHeaderFooterView.swift */ = {isa = PBXFileReference; fileEncoding = 4; lastKnownFileType = sourcecode.swift; path = TopicTableViewHeaderFooterView.swift; sourceTree = "<group>"; };
		DB3B78931D181C07001A9AF6 /* TopicTableViewHeaderFooterView.xib */ = {isa = PBXFileReference; fileEncoding = 4; lastKnownFileType = file.xib; path = TopicTableViewHeaderFooterView.xib; sourceTree = "<group>"; };
		DB3C7F131C44B52E0092FD82 /* UIDevice.swift */ = {isa = PBXFileReference; fileEncoding = 4; lastKnownFileType = sourcecode.swift; path = UIDevice.swift; sourceTree = "<group>"; };
		DB4C76601B7E3A8A00B5E921 /* UIApplication.swift */ = {isa = PBXFileReference; fileEncoding = 4; lastKnownFileType = sourcecode.swift; path = UIApplication.swift; sourceTree = "<group>"; };
		DB5021821D3FCDC100148C8F /* BangumiRequest+Progress.swift */ = {isa = PBXFileReference; fileEncoding = 4; lastKnownFileType = sourcecode.swift; path = "BangumiRequest+Progress.swift"; sourceTree = "<group>"; };
		DB5021841D3FCEF700148C8F /* Progress.swift */ = {isa = PBXFileReference; fileEncoding = 4; lastKnownFileType = sourcecode.swift; path = Progress.swift; sourceTree = "<group>"; };
		DB5B042B1B85E56F0074C80E /* Avatar.swift */ = {isa = PBXFileReference; fileEncoding = 4; lastKnownFileType = sourcecode.swift; path = Avatar.swift; sourceTree = "<group>"; };
		DB5B04381B85E6B90074C80E /* BangumiKey.swift */ = {isa = PBXFileReference; fileEncoding = 4; lastKnownFileType = sourcecode.swift; path = BangumiKey.swift; sourceTree = "<group>"; };
		DB5B043A1B85E6F40074C80E /* Crt.swift */ = {isa = PBXFileReference; fileEncoding = 4; lastKnownFileType = sourcecode.swift; path = Crt.swift; sourceTree = "<group>"; };
		DB5B043D1B85E7860074C80E /* Actor.swift */ = {isa = PBXFileReference; fileEncoding = 4; lastKnownFileType = sourcecode.swift; path = Actor.swift; sourceTree = "<group>"; };
		DB5B04411B85E7DD0074C80E /* CollectInfo.swift */ = {isa = PBXFileReference; fileEncoding = 4; lastKnownFileType = sourcecode.swift; path = CollectInfo.swift; sourceTree = "<group>"; };
		DB61BED31D45E8B500D18F2B /* TopicTableViewModel.swift */ = {isa = PBXFileReference; fileEncoding = 4; lastKnownFileType = sourcecode.swift; path = TopicTableViewModel.swift; sourceTree = "<group>"; };
		DB61BED51D45EC7500D18F2B /* Parser.swift */ = {isa = PBXFileReference; fileEncoding = 4; lastKnownFileType = sourcecode.swift; path = Parser.swift; sourceTree = "<group>"; };
		DB64E6C71B7B6221001B819D /* CloudKit.framework */ = {isa = PBXFileReference; lastKnownFileType = wrapper.framework; name = CloudKit.framework; path = System/Library/Frameworks/CloudKit.framework; sourceTree = SDKROOT; };
		DB6B1BCA1D182F390005CAE6 /* SubjectCollectionViewController.swift */ = {isa = PBXFileReference; fileEncoding = 4; lastKnownFileType = sourcecode.swift; path = SubjectCollectionViewController.swift; sourceTree = "<group>"; };
		DB6B1BCC1D182F570005CAE6 /* SubjectCollectionViewBookCell.swift */ = {isa = PBXFileReference; fileEncoding = 4; lastKnownFileType = sourcecode.swift; path = SubjectCollectionViewBookCell.swift; sourceTree = "<group>"; };
		DB6B1BCE1D182F6F0005CAE6 /* SubjectCollectionViewNotBookCell.swift */ = {isa = PBXFileReference; fileEncoding = 4; lastKnownFileType = sourcecode.swift; path = SubjectCollectionViewNotBookCell.swift; sourceTree = "<group>"; };
		DB7560951D4B1086005A5046 /* DetailTableViewCell+CollectionView.swift */ = {isa = PBXFileReference; fileEncoding = 4; lastKnownFileType = sourcecode.swift; path = "DetailTableViewCell+CollectionView.swift"; sourceTree = "<group>"; };
		DB7A35291D37F14600FADA6C /* UISearchController.swift */ = {isa = PBXFileReference; fileEncoding = 4; lastKnownFileType = sourcecode.swift; path = UISearchController.swift; sourceTree = "<group>"; };
		DB7C24AC1D42F98D00A1A9BC /* DetailTableViewEPSCellDelegate.swift */ = {isa = PBXFileReference; fileEncoding = 4; lastKnownFileType = sourcecode.swift; path = DetailTableViewEPSCellDelegate.swift; sourceTree = "<group>"; };
		DB7D135E1D18E89300ACA94B /* SubjectCollectionViewLayoutAttributes.swift */ = {isa = PBXFileReference; fileEncoding = 4; lastKnownFileType = sourcecode.swift; path = SubjectCollectionViewLayoutAttributes.swift; sourceTree = "<group>"; };
		DB7D13601D18E96D00ACA94B /* SubjectCollectionReusableView.swift */ = {isa = PBXFileReference; fileEncoding = 4; lastKnownFileType = sourcecode.swift; path = SubjectCollectionReusableView.swift; sourceTree = "<group>"; };
		DB7D13621D18F25700ACA94B /* SubjectCollectionViewLayout.swift */ = {isa = PBXFileReference; fileEncoding = 4; lastKnownFileType = sourcecode.swift; path = SubjectCollectionViewLayout.swift; sourceTree = "<group>"; };
		DB7D13641D192F1D00ACA94B /* SubjectCollectionReusableHeaderView.swift */ = {isa = PBXFileReference; fileEncoding = 4; lastKnownFileType = sourcecode.swift; path = SubjectCollectionReusableHeaderView.swift; sourceTree = "<group>"; };
		DB7D87F31D16FC0F00885937 /* DetailTableView.swift */ = {isa = PBXFileReference; fileEncoding = 4; lastKnownFileType = sourcecode.swift; path = DetailTableView.swift; sourceTree = "<group>"; };
		DB7D87F51D17894B00885937 /* TopicTableViewController.swift */ = {isa = PBXFileReference; fileEncoding = 4; lastKnownFileType = sourcecode.swift; path = TopicTableViewController.swift; sourceTree = "<group>"; };
		DB7D87F71D178D5000885937 /* TopicTableViewCell.swift */ = {isa = PBXFileReference; fileEncoding = 4; lastKnownFileType = sourcecode.swift; path = TopicTableViewCell.swift; sourceTree = "<group>"; };
		DB7E287B1D3B68F500B529CA /* AnimeListTableViewModel.swift */ = {isa = PBXFileReference; fileEncoding = 4; lastKnownFileType = sourcecode.swift; path = AnimeListTableViewModel.swift; sourceTree = "<group>"; };
		DB7E28841D3BA25600B529CA /* KeychainAsscessTests.swift */ = {isa = PBXFileReference; fileEncoding = 4; lastKnownFileType = sourcecode.swift; path = KeychainAsscessTests.swift; sourceTree = "<group>"; };
		DB7E28861D3BA46E00B529CA /* Bangumi M.entitlements */ = {isa = PBXFileReference; lastKnownFileType = text.xml; name = "Bangumi M.entitlements"; path = "../Bangumi M.entitlements"; sourceTree = "<group>"; };
		DB7E288B1D3BC98B00B529CA /* BangumiRequest+Collection.swift */ = {isa = PBXFileReference; fileEncoding = 4; lastKnownFileType = sourcecode.swift; path = "BangumiRequest+Collection.swift"; sourceTree = "<group>"; };
		DB7E288D1D3BE47A00B529CA /* TransitionDelegate.swift */ = {isa = PBXFileReference; fileEncoding = 4; lastKnownFileType = sourcecode.swift; path = TransitionDelegate.swift; sourceTree = "<group>"; };
		DB80EFF01D34AEFF007DEF09 /* Delay.swift */ = {isa = PBXFileReference; fileEncoding = 4; lastKnownFileType = sourcecode.swift; path = Delay.swift; sourceTree = "<group>"; };
		DB80EFF61D34E70E007DEF09 /* Subject.swift */ = {isa = PBXFileReference; fileEncoding = 4; lastKnownFileType = sourcecode.swift; path = Subject.swift; sourceTree = "<group>"; };
		DB80EFF81D34FC94007DEF09 /* Images.swift */ = {isa = PBXFileReference; fileEncoding = 4; lastKnownFileType = sourcecode.swift; path = Images.swift; sourceTree = "<group>"; };
		DB80EFFA1D34FEFC007DEF09 /* Collection.swift */ = {isa = PBXFileReference; fileEncoding = 4; lastKnownFileType = sourcecode.swift; path = Collection.swift; sourceTree = "<group>"; };
		DB80EFFC1D3500D0007DEF09 /* Rating.swift */ = {isa = PBXFileReference; fileEncoding = 4; lastKnownFileType = sourcecode.swift; path = Rating.swift; sourceTree = "<group>"; };
		DB80F0031D35BF44007DEF09 /* Reachability.h */ = {isa = PBXFileReference; fileEncoding = 4; lastKnownFileType = sourcecode.c.h; path = Reachability.h; sourceTree = "<group>"; };
		DB80F0041D35BF44007DEF09 /* Reachability.m */ = {isa = PBXFileReference; fileEncoding = 4; lastKnownFileType = sourcecode.c.objc; path = Reachability.m; sourceTree = "<group>"; };
		DB82D9861D67F9360005474F /* DispatchQueue.swift */ = {isa = PBXFileReference; fileEncoding = 4; lastKnownFileType = sourcecode.swift; path = DispatchQueue.swift; sourceTree = "<group>"; };
		DB83E2771B0F854D007BE039 /* PercolatorKey.swift */ = {isa = PBXFileReference; fileEncoding = 4; lastKnownFileType = sourcecode.swift; path = PercolatorKey.swift; sourceTree = "<group>"; };
		DB88206B1D3F19CC009031AE /* DetailTableViewModel.swift */ = {isa = PBXFileReference; fileEncoding = 4; lastKnownFileType = sourcecode.swift; path = DetailTableViewModel.swift; sourceTree = "<group>"; };
		DB88206D1D3F1E91009031AE /* Episode.swift */ = {isa = PBXFileReference; fileEncoding = 4; lastKnownFileType = sourcecode.swift; path = Episode.swift; sourceTree = "<group>"; };
		DB8BCA271D3A89E8003FB83E /* CGPoint.swift */ = {isa = PBXFileReference; fileEncoding = 4; lastKnownFileType = sourcecode.swift; path = CGPoint.swift; sourceTree = "<group>"; };
		DB8EA45B1D3F415400348A6C /* DetailTableViewCell.swift */ = {isa = PBXFileReference; fileEncoding = 4; lastKnownFileType = sourcecode.swift; path = DetailTableViewCell.swift; sourceTree = "<group>"; };
		DB9D24F91D35CCF500269DFE /* UIImage.swift */ = {isa = PBXFileReference; fileEncoding = 4; lastKnownFileType = sourcecode.swift; path = UIImage.swift; sourceTree = "<group>"; };
		DB9E92DC1D50524100C150C4 /* Bangumi M UITests.xctest */ = {isa = PBXFileReference; explicitFileType = wrapper.cfbundle; includeInIndex = 0; path = "Bangumi M UITests.xctest"; sourceTree = BUILT_PRODUCTS_DIR; };
		DB9E92DE1D50524100C150C4 /* Bangumi_M_UITests.swift */ = {isa = PBXFileReference; lastKnownFileType = sourcecode.swift; path = Bangumi_M_UITests.swift; sourceTree = "<group>"; };
		DB9E92E01D50524100C150C4 /* Info.plist */ = {isa = PBXFileReference; lastKnownFileType = text.plist.xml; path = Info.plist; sourceTree = "<group>"; };
		DBA29F4D1B8ADCB800ADED27 /* Settings.bundle */ = {isa = PBXFileReference; lastKnownFileType = "wrapper.plug-in"; path = Settings.bundle; sourceTree = "<group>"; };
		DBA3A1E91D3FC5AD00365553 /* NetworkSpinner.swift */ = {isa = PBXFileReference; fileEncoding = 4; lastKnownFileType = sourcecode.swift; path = NetworkSpinner.swift; sourceTree = "<group>"; };
		DBA480D41D451181004AAF6E /* SubjectCollectionViewCell.swift */ = {isa = PBXFileReference; fileEncoding = 4; lastKnownFileType = sourcecode.swift; path = SubjectCollectionViewCell.swift; sourceTree = "<group>"; };
		DBA4C90D1D168E8F0043EDED /* CMKCollectButton.swift */ = {isa = PBXFileReference; fileEncoding = 4; lastKnownFileType = sourcecode.swift; path = CMKCollectButton.swift; sourceTree = "<group>"; };
		DBA4C9111D16A41C0043EDED /* DetailTableViewMoreTopicCell.swift */ = {isa = PBXFileReference; fileEncoding = 4; lastKnownFileType = sourcecode.swift; path = DetailTableViewMoreTopicCell.swift; sourceTree = "<group>"; };
		DBAD79221D39477E00CCB8AE /* ErrorProtocol.swift */ = {isa = PBXFileReference; fileEncoding = 4; lastKnownFileType = sourcecode.swift; path = ErrorProtocol.swift; sourceTree = "<group>"; };
		DBAD9BCD1D3F6BBE00206ACE /* BangumiRequest+Subject.swift */ = {isa = PBXFileReference; fileEncoding = 4; lastKnownFileType = sourcecode.swift; path = "BangumiRequest+Subject.swift"; sourceTree = "<group>"; };
		DBB3FCD01B86F21000FFF8DE /* Staff.swift */ = {isa = PBXFileReference; fileEncoding = 4; lastKnownFileType = sourcecode.swift; path = Staff.swift; sourceTree = "<group>"; };
		DBB86A141D4504AE00FBB87B /* SubjectCollectionViewModel.swift */ = {isa = PBXFileReference; fileEncoding = 4; lastKnownFileType = sourcecode.swift; path = SubjectCollectionViewModel.swift; sourceTree = "<group>"; };
		DBBA47C21B060DEA0004BBA2 /* Bangumi M.app */ = {isa = PBXFileReference; explicitFileType = wrapper.application; includeInIndex = 0; path = "Bangumi M.app"; sourceTree = BUILT_PRODUCTS_DIR; };
		DBBA47C71B060DEA0004BBA2 /* AppDelegate.swift */ = {isa = PBXFileReference; lastKnownFileType = sourcecode.swift; path = AppDelegate.swift; sourceTree = "<group>"; };
		DBBA47C91B060DEA0004BBA2 /* LoginViewController.swift */ = {isa = PBXFileReference; lastKnownFileType = sourcecode.swift; path = LoginViewController.swift; sourceTree = "<group>"; };
		DBBA47CC1B060DEA0004BBA2 /* Base */ = {isa = PBXFileReference; lastKnownFileType = file.storyboard; name = Base; path = Base.lproj/Main.storyboard; sourceTree = "<group>"; };
		DBBA47CE1B060DEA0004BBA2 /* Images.xcassets */ = {isa = PBXFileReference; lastKnownFileType = folder.assetcatalog; path = Images.xcassets; sourceTree = "<group>"; };
		DBBA47E71B0617020004BBA2 /* AnimeListTableViewController.swift */ = {isa = PBXFileReference; fileEncoding = 4; lastKnownFileType = sourcecode.swift; path = AnimeListTableViewController.swift; sourceTree = "<group>"; };
		DBBA47EA1B0619DE0004BBA2 /* BangumiRequest.swift */ = {isa = PBXFileReference; fileEncoding = 4; lastKnownFileType = sourcecode.swift; path = BangumiRequest.swift; sourceTree = "<group>"; };
		DBBA47EC1B061D250004BBA2 /* User.swift */ = {isa = PBXFileReference; fileEncoding = 4; lastKnownFileType = sourcecode.swift; path = User.swift; sourceTree = "<group>"; };
		DBBA47F21B064CF00004BBA2 /* AnimeListTableViewCell.swift */ = {isa = PBXFileReference; fileEncoding = 4; lastKnownFileType = sourcecode.swift; path = AnimeListTableViewCell.swift; sourceTree = "<group>"; };
		DBBB52521D47AE6E008A1617 /* SaveActivity.swift */ = {isa = PBXFileReference; fileEncoding = 4; lastKnownFileType = sourcecode.swift; path = SaveActivity.swift; sourceTree = "<group>"; };
		DBBB52541D47AE7D008A1617 /* DeleteActivity.swift */ = {isa = PBXFileReference; fileEncoding = 4; lastKnownFileType = sourcecode.swift; path = DeleteActivity.swift; sourceTree = "<group>"; };
		DBBB52571D47B5CA008A1617 /* SubjectWrapper.swift */ = {isa = PBXFileReference; fileEncoding = 4; lastKnownFileType = sourcecode.swift; path = SubjectWrapper.swift; sourceTree = "<group>"; };
		DBC57A8E1D477167002C4DF2 /* CDSubject.swift */ = {isa = PBXFileReference; fileEncoding = 4; lastKnownFileType = sourcecode.swift; path = CDSubject.swift; sourceTree = "<group>"; };
		DBCD90BC1D37CDC200E7B37C /* UIAlertController.swift */ = {isa = PBXFileReference; fileEncoding = 4; lastKnownFileType = sourcecode.swift; path = UIAlertController.swift; sourceTree = "<group>"; };
		DBCD90C31D37D02900E7B37C /* en */ = {isa = PBXFileReference; lastKnownFileType = text.plist.strings; name = en; path = en.lproj/Localizable.strings; sourceTree = "<group>"; };
		DBD0695A1D3635EE0063708C /* ConfigurableCell.swift */ = {isa = PBXFileReference; fileEncoding = 4; lastKnownFileType = sourcecode.swift; path = ConfigurableCell.swift; sourceTree = "<group>"; };
		DBD0695C1D36601C0063708C /* ConsolePrint.swift */ = {isa = PBXFileReference; fileEncoding = 4; lastKnownFileType = sourcecode.swift; path = ConsolePrint.swift; sourceTree = "<group>"; };
		DBD069621D3676740063708C /* Bangumi M Tests.xctest */ = {isa = PBXFileReference; explicitFileType = wrapper.cfbundle; includeInIndex = 0; path = "Bangumi M Tests.xctest"; sourceTree = BUILT_PRODUCTS_DIR; };
		DBD069641D3676740063708C /* Bangumi_M_Tests.swift */ = {isa = PBXFileReference; lastKnownFileType = sourcecode.swift; path = Bangumi_M_Tests.swift; sourceTree = "<group>"; };
		DBD069661D3676740063708C /* Info.plist */ = {isa = PBXFileReference; lastKnownFileType = text.plist.xml; path = Info.plist; sourceTree = "<group>"; };
		DBD0696F1D368ECD0063708C /* Tests.storyboard */ = {isa = PBXFileReference; fileEncoding = 4; lastKnownFileType = file.storyboard; path = Tests.storyboard; sourceTree = "<group>"; };
		DBD2D5771B841DC700EED59A /* SearchBoxTableViewController.swift */ = {isa = PBXFileReference; fileEncoding = 4; lastKnownFileType = sourcecode.swift; path = SearchBoxTableViewController.swift; sourceTree = "<group>"; };
		DBD2D5791B843ADE00EED59A /* SearchBoxTabelViewCell.swift */ = {isa = PBXFileReference; fileEncoding = 4; lastKnownFileType = sourcecode.swift; path = SearchBoxTabelViewCell.swift; sourceTree = "<group>"; };
		DBD2D57B1B84AEB300EED59A /* BangumiAPI.swift */ = {isa = PBXFileReference; fileEncoding = 4; lastKnownFileType = sourcecode.swift; path = BangumiAPI.swift; sourceTree = "<group>"; };
		DBD2D57D1B84CE7000EED59A /* DetailTableViewController.swift */ = {isa = PBXFileReference; fileEncoding = 4; lastKnownFileType = sourcecode.swift; path = DetailTableViewController.swift; sourceTree = "<group>"; };
		DBD7A9851D56C80B00BCA329 /* BangumiRequest+URL.swift */ = {isa = PBXFileReference; fileEncoding = 4; lastKnownFileType = sourcecode.swift; path = "BangumiRequest+URL.swift"; sourceTree = "<group>"; };
		DBD7A9871D56D08500BCA329 /* PercolatorAlertController.swift */ = {isa = PBXFileReference; fileEncoding = 4; lastKnownFileType = sourcecode.swift; path = PercolatorAlertController.swift; sourceTree = "<group>"; };
		DBD91C4A1D44546E007AFA80 /* DetailTableViewBannerCellDelegate.swift */ = {isa = PBXFileReference; fileEncoding = 4; lastKnownFileType = sourcecode.swift; path = DetailTableViewBannerCellDelegate.swift; sourceTree = "<group>"; };
		DBE1C80A1D3C533A0086B83D /* UILabel.swift */ = {isa = PBXFileReference; fileEncoding = 4; lastKnownFileType = sourcecode.swift; path = UILabel.swift; sourceTree = "<group>"; };
		DBE1C80C1D3C691B0086B83D /* UIFont.swift */ = {isa = PBXFileReference; fileEncoding = 4; lastKnownFileType = sourcecode.swift; path = UIFont.swift; sourceTree = "<group>"; };
		DBE1C80E1D3C73820086B83D /* String.swift */ = {isa = PBXFileReference; fileEncoding = 4; lastKnownFileType = sourcecode.swift; path = String.swift; sourceTree = "<group>"; };
		DBE1C8101D3C7F060086B83D /* SVProgress+Style.swift */ = {isa = PBXFileReference; fileEncoding = 4; lastKnownFileType = sourcecode.swift; path = "SVProgress+Style.swift"; sourceTree = "<group>"; };
		DBE2B9601D405F7C00F677DE /* BangumiRequest+EP.swift */ = {isa = PBXFileReference; fileEncoding = 4; lastKnownFileType = sourcecode.swift; path = "BangumiRequest+EP.swift"; sourceTree = "<group>"; };
		DBEF11321D3743DF00E7A0D7 /* CoreDataStack.swift */ = {isa = PBXFileReference; fileEncoding = 4; lastKnownFileType = sourcecode.swift; path = CoreDataStack.swift; sourceTree = "<group>"; };
		DBEF11341D37469300E7A0D7 /* NSURL.swift */ = {isa = PBXFileReference; fileEncoding = 4; lastKnownFileType = sourcecode.swift; path = NSURL.swift; sourceTree = "<group>"; };
		DBEF11361D374F8000E7A0D7 /* BangumiRequestLoginTest.swift */ = {isa = PBXFileReference; fileEncoding = 4; lastKnownFileType = sourcecode.swift; path = BangumiRequestLoginTest.swift; sourceTree = "<group>"; };
		DBEF113D1D37678800E7A0D7 /* DataProvider.swift */ = {isa = PBXFileReference; fileEncoding = 4; lastKnownFileType = sourcecode.swift; path = DataProvider.swift; sourceTree = "<group>"; };
		DBEF113F1D37748D00E7A0D7 /* DataSource.swift */ = {isa = PBXFileReference; fileEncoding = 4; lastKnownFileType = sourcecode.swift; path = DataSource.swift; sourceTree = "<group>"; };
		DBEF11431D377A7A00E7A0D7 /* TableViewDataSource.swift */ = {isa = PBXFileReference; fileEncoding = 4; lastKnownFileType = sourcecode.swift; path = TableViewDataSource.swift; sourceTree = "<group>"; };
		DBEF11451D377A8400E7A0D7 /* CollectionViewDataSource.swift */ = {isa = PBXFileReference; fileEncoding = 4; lastKnownFileType = sourcecode.swift; path = CollectionViewDataSource.swift; sourceTree = "<group>"; };
		DBEF11471D37866800E7A0D7 /* SearchBoxTableViewModel.swift */ = {isa = PBXFileReference; fileEncoding = 4; lastKnownFileType = sourcecode.swift; path = SearchBoxTableViewModel.swift; sourceTree = "<group>"; };
		DBEF114D1D379C5B00E7A0D7 /* BangumiRequest+Login.swift */ = {isa = PBXFileReference; fileEncoding = 4; lastKnownFileType = sourcecode.swift; path = "BangumiRequest+Login.swift"; sourceTree = "<group>"; };
		DBEF114F1D379CD200E7A0D7 /* BangumiRequest+Search.swift */ = {isa = PBXFileReference; fileEncoding = 4; lastKnownFileType = sourcecode.swift; path = "BangumiRequest+Search.swift"; sourceTree = "<group>"; };
		DBEF11511D379D6900E7A0D7 /* BangumiRequest+Error.swift */ = {isa = PBXFileReference; fileEncoding = 4; lastKnownFileType = sourcecode.swift; path = "BangumiRequest+Error.swift"; sourceTree = "<group>"; };
		DBEF7D0D1D5227FE00B60E2C /* zh-Hans */ = {isa = PBXFileReference; lastKnownFileType = text.plist.strings; name = "zh-Hans"; path = "zh-Hans.lproj/Main.strings"; sourceTree = "<group>"; };
		DBEF7D0E1D5227FE00B60E2C /* zh-Hans */ = {isa = PBXFileReference; lastKnownFileType = text.plist.strings; name = "zh-Hans"; path = "zh-Hans.lproj/Localizable.strings"; sourceTree = "<group>"; };
		DBFB286A1D50D31000C43E75 /* SimulatorStatusMagic.framework */ = {isa = PBXFileReference; lastKnownFileType = wrapper.framework; name = SimulatorStatusMagic.framework; path = "../../../../Library/Developer/Xcode/DerivedData/Percolator-aafqmohbcdbdgecxvzkcbnkdnrbr/Build/Products/Debug-iphonesimulator/SimulatorStatusMagic/SimulatorStatusMagic.framework"; sourceTree = "<group>"; };
		DBFBCB801B63157E001F3CD1 /* UIColor.swift */ = {isa = PBXFileReference; fileEncoding = 4; lastKnownFileType = sourcecode.swift; path = UIColor.swift; sourceTree = "<group>"; };
		DBFBCB821B633376001F3CD1 /* CollectTableViewController.swift */ = {isa = PBXFileReference; fileEncoding = 4; lastKnownFileType = sourcecode.swift; path = CollectTableViewController.swift; sourceTree = "<group>"; };
		F9E323AA3257E0E29659EF8E /* Pods-Bangumi M Tests.release.xcconfig */ = {isa = PBXFileReference; includeInIndex = 1; lastKnownFileType = text.xcconfig; name = "Pods-Bangumi M Tests.release.xcconfig"; path = "Pods/Target Support Files/Pods-Bangumi M Tests/Pods-Bangumi M Tests.release.xcconfig"; sourceTree = "<group>"; };
/* End PBXFileReference section */

/* Begin PBXFrameworksBuildPhase section */
		DB9E92D91D50524100C150C4 /* Frameworks */ = {
			isa = PBXFrameworksBuildPhase;
			buildActionMask = 2147483647;
			files = (
				DBFB286B1D50D31000C43E75 /* SimulatorStatusMagic.framework in Frameworks */,
				BD5F69D0BFB882A0A4140836 /* Pods_Bangumi_M_UITests.framework in Frameworks */,
			);
			runOnlyForDeploymentPostprocessing = 0;
		};
		DBBA47BF1B060DEA0004BBA2 /* Frameworks */ = {
			isa = PBXFrameworksBuildPhase;
			buildActionMask = 2147483647;
			files = (
				7500CEB329EBC0E473F22F9C /* Pods_Bangumi_M.framework in Frameworks */,
			);
			runOnlyForDeploymentPostprocessing = 0;
		};
		DBD0695F1D3676740063708C /* Frameworks */ = {
			isa = PBXFrameworksBuildPhase;
			buildActionMask = 2147483647;
			files = (
				24BA3D3088C0CEC36184D603 /* Pods_Bangumi_M_Tests.framework in Frameworks */,
			);
			runOnlyForDeploymentPostprocessing = 0;
		};
/* End PBXFrameworksBuildPhase section */

/* Begin PBXGroup section */
		22FAE04FF2793B9654AE8062 /* Frameworks */ = {
			isa = PBXGroup;
			children = (
				DBFB286A1D50D31000C43E75 /* SimulatorStatusMagic.framework */,
				DB64E6C71B7B6221001B819D /* CloudKit.framework */,
				AEB9A65F495FD84C26272CC2 /* Pods_Bangumi_M.framework */,
				05DA1680D06FA348011171FE /* Pods_tests_Bangumi_M_Tests.framework */,
				4E1E7910BB244E55898E3866 /* Pods_Bangumi_M_Tests.framework */,
				A50E10398D8D754A91C11FA1 /* Pods_Bangumi_M_UITests.framework */,
			);
			name = Frameworks;
			sourceTree = "<group>";
		};
		A0922CDFA3FAC745E0FAF0D8 /* Pods */ = {
			isa = PBXGroup;
			children = (
				A341A87A1F6A79DEC81B42B0 /* Pods-Bangumi M.debug.xcconfig */,
				7EFB831DCE065645C982A805 /* Pods-Bangumi M.release.xcconfig */,
				2F25F777FF922D757C69B782 /* Pods-Bangumi M Tests.debug.xcconfig */,
				F9E323AA3257E0E29659EF8E /* Pods-Bangumi M Tests.release.xcconfig */,
				1B559F211ADB84B5BE2FF9DA /* Pods-Bangumi M UITests.debug.xcconfig */,
				132D057987CE247875843067 /* Pods-Bangumi M UITests.release.xcconfig */,
			);
			name = Pods;
			sourceTree = "<group>";
		};
		DB1D11E91B5229770067A060 /* Key */ = {
			isa = PBXGroup;
			children = (
				DB5B04381B85E6B90074C80E /* BangumiKey.swift */,
				DB83E2771B0F854D007BE039 /* PercolatorKey.swift */,
				DBD2D57B1B84AEB300EED59A /* BangumiAPI.swift */,
			);
			name = Key;
			sourceTree = "<group>";
		};
		DB20C9E41D5B5CFB0091F591 /* Helper */ = {
			isa = PBXGroup;
			children = (
				DBD7A9871D56D08500BCA329 /* PercolatorAlertController.swift */,
				DB0A43311F2E22FB00010030 /* LoginViewPresentTransition.swift */,
			);
			name = Helper;
			sourceTree = "<group>";
		};
		DB37BFF61D39D98C00F48436 /* Helper */ = {
			isa = PBXGroup;
			children = (
				DBEF11431D377A7A00E7A0D7 /* TableViewDataSource.swift */,
				DBEF11451D377A8400E7A0D7 /* CollectionViewDataSource.swift */,
				DBEF113F1D37748D00E7A0D7 /* DataSource.swift */,
			);
			name = Helper;
			sourceTree = "<group>";
		};
		DB3FC1A91D339B8F0045C339 /* Network */ = {
			isa = PBXGroup;
			children = (
				DBBA47EA1B0619DE0004BBA2 /* BangumiRequest.swift */,
				DBEF11511D379D6900E7A0D7 /* BangumiRequest+Error.swift */,
				DBEF114F1D379CD200E7A0D7 /* BangumiRequest+Search.swift */,
				DBEF114D1D379C5B00E7A0D7 /* BangumiRequest+Login.swift */,
				DB7E288B1D3BC98B00B529CA /* BangumiRequest+Collection.swift */,
				DBAD9BCD1D3F6BBE00206ACE /* BangumiRequest+Subject.swift */,
				DB5021821D3FCDC100148C8F /* BangumiRequest+Progress.swift */,
				DBE2B9601D405F7C00F677DE /* BangumiRequest+EP.swift */,
				DBD7A9851D56C80B00BCA329 /* BangumiRequest+URL.swift */,
			);
			name = Network;
			sourceTree = "<group>";
		};
		DB7E287F1D3B8AE100B529CA /* SubjectCollectionView */ = {
			isa = PBXGroup;
			children = (
				DB7D13641D192F1D00ACA94B /* SubjectCollectionReusableHeaderView.swift */,
				DB7D135E1D18E89300ACA94B /* SubjectCollectionViewLayoutAttributes.swift */,
				DB7D13621D18F25700ACA94B /* SubjectCollectionViewLayout.swift */,
				DB7D13601D18E96D00ACA94B /* SubjectCollectionReusableView.swift */,
				DBA480D41D451181004AAF6E /* SubjectCollectionViewCell.swift */,
				DB6B1BCC1D182F570005CAE6 /* SubjectCollectionViewBookCell.swift */,
				DB6B1BCE1D182F6F0005CAE6 /* SubjectCollectionViewNotBookCell.swift */,
			);
			name = SubjectCollectionView;
			sourceTree = "<group>";
		};
		DB7E28801D3B8BA200B529CA /* DetailTableView */ = {
			isa = PBXGroup;
			children = (
				DB7D87F31D16FC0F00885937 /* DetailTableView.swift */,
				DB8EA45B1D3F415400348A6C /* DetailTableViewCell.swift */,
				DB0B6B071D162A80007AA8AE /* DetailTableViewBannerCell.swift */,
				DB7560951D4B1086005A5046 /* DetailTableViewCell+CollectionView.swift */,
				DBA4C9111D16A41C0043EDED /* DetailTableViewMoreTopicCell.swift */,
				DB22FE0F1D16ADE4004A082D /* DetailTableViewMoreSubjectCell.swift */,
				DB22FE111D16CB01004A082D /* DetailTableViewEPSCell.swift */,
				DB22FE131D16E97C004A082D /* DetailTableViewEPSHeaderFooterView.swift */,
				DB22FE151D16E9E6004A082D /* DetailTableViewEPSHeaderFooterView.xib */,
			);
			name = DetailTableView;
			sourceTree = "<group>";
		};
		DB7E28811D3B8BC800B529CA /* TopicTableView */ = {
			isa = PBXGroup;
			children = (
				DB7D87F71D178D5000885937 /* TopicTableViewCell.swift */,
				DB3B78911D181BF9001A9AF6 /* TopicTableViewHeaderFooterView.swift */,
				DB3B78931D181C07001A9AF6 /* TopicTableViewHeaderFooterView.xib */,
			);
			name = TopicTableView;
			sourceTree = "<group>";
		};
		DB80F0061D35BF51007DEF09 /* Reachability */ = {
			isa = PBXGroup;
			children = (
				DB80F0031D35BF44007DEF09 /* Reachability.h */,
				DB80F0041D35BF44007DEF09 /* Reachability.m */,
			);
			name = Reachability;
			sourceTree = "<group>";
		};
		DB9E92DD1D50524100C150C4 /* Bangumi M UITests */ = {
			isa = PBXGroup;
			children = (
				DB9E92DE1D50524100C150C4 /* Bangumi_M_UITests.swift */,
				DB9E92E01D50524100C150C4 /* Info.plist */,
			);
			path = "Bangumi M UITests";
			sourceTree = "<group>";
		};
		DBAD79211D39072200CCB8AE /* Dict */ = {
			isa = PBXGroup;
			children = (
				DB5B043D1B85E7860074C80E /* Actor.swift */,
				DB5B042B1B85E56F0074C80E /* Avatar.swift */,
				DB80EFF81D34FC94007DEF09 /* Images.swift */,
				DB80EFFC1D3500D0007DEF09 /* Rating.swift */,
			);
			name = Dict;
			sourceTree = "<group>";
		};
		DBBA47B91B060DEA0004BBA2 = {
			isa = PBXGroup;
			children = (
				DBBA47C41B060DEA0004BBA2 /* Percolator */,
				DBD069631D3676740063708C /* Bangumi M Tests */,
				DB9E92DD1D50524100C150C4 /* Bangumi M UITests */,
				DBBA47C31B060DEA0004BBA2 /* Products */,
				22FAE04FF2793B9654AE8062 /* Frameworks */,
				A0922CDFA3FAC745E0FAF0D8 /* Pods */,
			);
			sourceTree = "<group>";
		};
		DBBA47C31B060DEA0004BBA2 /* Products */ = {
			isa = PBXGroup;
			children = (
				DBBA47C21B060DEA0004BBA2 /* Bangumi M.app */,
				DBD069621D3676740063708C /* Bangumi M Tests.xctest */,
				DB9E92DC1D50524100C150C4 /* Bangumi M UITests.xctest */,
			);
			name = Products;
			sourceTree = "<group>";
		};
		DBBA47C41B060DEA0004BBA2 /* Percolator */ = {
			isa = PBXGroup;
			children = (
				DBBA47CB1B060DEA0004BBA2 /* Main.storyboard */,
				DBBA47E91B0619BA0004BBA2 /* Model */,
				DBFC3AB91B79FA8B00F406FF /* View */,
				DBFC3AB81B79FA4600F406FF /* Controller */,
				DBEF113C1D37660700E7A0D7 /* Protocol */,
				DB3FC1A91D339B8F0045C339 /* Network */,
				DBEE657E1D372F70003DBA95 /* Misc */,
				DBBA47C51B060DEA0004BBA2 /* Supporting Files */,
			);
			path = Percolator;
			sourceTree = "<group>";
		};
		DBBA47C51B060DEA0004BBA2 /* Supporting Files */ = {
			isa = PBXGroup;
			children = (
				DB1AAAFB1D33CECA00EE7727 /* Info.plist */,
				DB7E28861D3BA46E00B529CA /* Bangumi M.entitlements */,
				DBBA47CE1B060DEA0004BBA2 /* Images.xcassets */,
				DBBA47C71B060DEA0004BBA2 /* AppDelegate.swift */,
				DB18C8AD1B0A2ABC00A0BA11 /* Percolator-Bridging-Header.h */,
				DBCD90C21D37D02300E7B37C /* Localizable.strings */,
				DBA29F4D1B8ADCB800ADED27 /* Settings.bundle */,
			);
			name = "Supporting Files";
			sourceTree = "<group>";
		};
		DBBA47E91B0619BA0004BBA2 /* Model */ = {
			isa = PBXGroup;
			children = (
				DBEF11471D37866800E7A0D7 /* SearchBoxTableViewModel.swift */,
				DB7E287B1D3B68F500B529CA /* AnimeListTableViewModel.swift */,
				DB88206B1D3F19CC009031AE /* DetailTableViewModel.swift */,
				DB61BED31D45E8B500D18F2B /* TopicTableViewModel.swift */,
				DBB86A141D4504AE00FBB87B /* SubjectCollectionViewModel.swift */,
				DB37BFF61D39D98C00F48436 /* Helper */,
			);
			name = Model;
			sourceTree = "<group>";
		};
		DBBB52561D47AE81008A1617 /* Activity */ = {
			isa = PBXGroup;
			children = (
				DBBB52571D47B5CA008A1617 /* SubjectWrapper.swift */,
				DBBB52521D47AE6E008A1617 /* SaveActivity.swift */,
				DBBB52541D47AE7D008A1617 /* DeleteActivity.swift */,
			);
			name = Activity;
			sourceTree = "<group>";
		};
		DBD069631D3676740063708C /* Bangumi M Tests */ = {
			isa = PBXGroup;
			children = (
				DBD0696F1D368ECD0063708C /* Tests.storyboard */,
				DBD069641D3676740063708C /* Bangumi_M_Tests.swift */,
				DBEF11361D374F8000E7A0D7 /* BangumiRequestLoginTest.swift */,
				DB7E28841D3BA25600B529CA /* KeychainAsscessTests.swift */,
				DB044F761D37DE7F00CB79FB /* TableViewDataSource+DataProvider.swift */,
				DB61BED51D45EC7500D18F2B /* Parser.swift */,
				DBD069661D3676740063708C /* Info.plist */,
			);
			path = "Bangumi M Tests";
			sourceTree = "<group>";
		};
		DBEE657E1D372F70003DBA95 /* Misc */ = {
			isa = PBXGroup;
			children = (
				DB38795E1D44302E0022AD93 /* TagWriteView.swift */,
				DBBB52561D47AE81008A1617 /* Activity */,
				DB80F0061D35BF51007DEF09 /* Reachability */,
				DBEE65821D373285003DBA95 /* Core Data */,
				DB1D11E91B5229770067A060 /* Key */,
				DBEE65811D373232003DBA95 /* Extension */,
				DBEE65801D3731A9003DBA95 /* Utility */,
				DBEE657F1D373111003DBA95 /* JSON */,
			);
			name = Misc;
			sourceTree = "<group>";
		};
		DBEE657F1D373111003DBA95 /* JSON */ = {
			isa = PBXGroup;
			children = (
				DBBA47EC1B061D250004BBA2 /* User.swift */,
				DB80EFF61D34E70E007DEF09 /* Subject.swift */,
				DB80EFFA1D34FEFC007DEF09 /* Collection.swift */,
				DB88206D1D3F1E91009031AE /* Episode.swift */,
				DB5B043A1B85E6F40074C80E /* Crt.swift */,
				DBB3FCD01B86F21000FFF8DE /* Staff.swift */,
				DB5B04411B85E7DD0074C80E /* CollectInfo.swift */,
				DB5021841D3FCEF700148C8F /* Progress.swift */,
				DBAD79211D39072200CCB8AE /* Dict */,
			);
			name = JSON;
			sourceTree = "<group>";
		};
		DBEE65801D3731A9003DBA95 /* Utility */ = {
			isa = PBXGroup;
			children = (
				DBA3A1E91D3FC5AD00365553 /* NetworkSpinner.swift */,
				DBE1C8101D3C7F060086B83D /* SVProgress+Style.swift */,
				DBD0695C1D36601C0063708C /* ConsolePrint.swift */,
				DB80EFF01D34AEFF007DEF09 /* Delay.swift */,
				DB1AAB001D33EEA500EE7727 /* Result.swift */,
			);
			name = Utility;
			sourceTree = "<group>";
		};
		DBEE65811D373232003DBA95 /* Extension */ = {
			isa = PBXGroup;
			children = (
				DBE1C80E1D3C73820086B83D /* String.swift */,
				DB8BCA271D3A89E8003FB83E /* CGPoint.swift */,
				DB82D9861D67F9360005474F /* DispatchQueue.swift */,
				DBAD79221D39477E00CCB8AE /* ErrorProtocol.swift */,
				DBEF11341D37469300E7A0D7 /* NSURL.swift */,
				DBA4C90D1D168E8F0043EDED /* CMKCollectButton.swift */,
				DB4C76601B7E3A8A00B5E921 /* UIApplication.swift */,
				DBCD90BC1D37CDC200E7B37C /* UIAlertController.swift */,
				DBFBCB801B63157E001F3CD1 /* UIColor.swift */,
				DB3C7F131C44B52E0092FD82 /* UIDevice.swift */,
				DBE1C80A1D3C533A0086B83D /* UILabel.swift */,
				DBE1C80C1D3C691B0086B83D /* UIFont.swift */,
				DB9D24F91D35CCF500269DFE /* UIImage.swift */,
				DB1AAAFE1D33DE9500EE7727 /* UINavigationController.swift */,
				DB7A35291D37F14600FADA6C /* UISearchController.swift */,
			);
			name = Extension;
			sourceTree = "<group>";
		};
		DBEE65821D373285003DBA95 /* Core Data */ = {
			isa = PBXGroup;
			children = (
				DB026CE61D37372C0023A507 /* Percolator.xcdatamodeld */,
				DBEF11321D3743DF00E7A0D7 /* CoreDataStack.swift */,
				DBC57A8E1D477167002C4DF2 /* CDSubject.swift */,
			);
			name = "Core Data";
			sourceTree = "<group>";
		};
		DBEF113C1D37660700E7A0D7 /* Protocol */ = {
			isa = PBXGroup;
			children = (
				DBD91C4A1D44546E007AFA80 /* DetailTableViewBannerCellDelegate.swift */,
				DB0DA60D1D430EF3005F4E01 /* AnimeListTableViewCellDelegate.swift */,
				DB7C24AC1D42F98D00A1A9BC /* DetailTableViewEPSCellDelegate.swift */,
				DB7E288D1D3BE47A00B529CA /* TransitionDelegate.swift */,
				DB2C7B241D45AC8500386366 /* ConfigurableHeader.swift */,
				DBD0695A1D3635EE0063708C /* ConfigurableCell.swift */,
				DBEF113D1D37678800E7A0D7 /* DataProvider.swift */,
			);
			name = Protocol;
			sourceTree = "<group>";
		};
		DBFC3AB81B79FA4600F406FF /* Controller */ = {
			isa = PBXGroup;
			children = (
				DBBA47E71B0617020004BBA2 /* AnimeListTableViewController.swift */,
				DBD2D5771B841DC700EED59A /* SearchBoxTableViewController.swift */,
				DBD2D57D1B84CE7000EED59A /* DetailTableViewController.swift */,
				DB7D87F51D17894B00885937 /* TopicTableViewController.swift */,
				DB6B1BCA1D182F390005CAE6 /* SubjectCollectionViewController.swift */,
				DBFBCB821B633376001F3CD1 /* CollectTableViewController.swift */,
				DBBA47C91B060DEA0004BBA2 /* LoginViewController.swift */,
				DB20C9E41D5B5CFB0091F591 /* Helper */,
			);
			name = Controller;
			sourceTree = "<group>";
		};
		DBFC3AB91B79FA8B00F406FF /* View */ = {
			isa = PBXGroup;
			children = (
				DBBA47F21B064CF00004BBA2 /* AnimeListTableViewCell.swift */,
				DBD2D5791B843ADE00EED59A /* SearchBoxTabelViewCell.swift */,
				DB7E28801D3B8BA200B529CA /* DetailTableView */,
				DB7E28811D3B8BC800B529CA /* TopicTableView */,
				DB7E287F1D3B8AE100B529CA /* SubjectCollectionView */,
			);
			name = View;
			sourceTree = "<group>";
		};
/* End PBXGroup section */

/* Begin PBXNativeTarget section */
		DB9E92DB1D50524100C150C4 /* Bangumi M UITests */ = {
			isa = PBXNativeTarget;
			buildConfigurationList = DB9E92E51D50524100C150C4 /* Build configuration list for PBXNativeTarget "Bangumi M UITests" */;
			buildPhases = (
				B82D4450F1EF0B08BFC8CD9D /* [CP] Check Pods Manifest.lock */,
				DB9E92D81D50524100C150C4 /* Sources */,
				DB9E92D91D50524100C150C4 /* Frameworks */,
				DB9E92DA1D50524100C150C4 /* Resources */,
				C4D770453744952AA9C24EEF /* [CP] Copy Pods Resources */,
				DBFB286D1D50D3BB00C43E75 /* ShellScript */,
				C8C97043CA577AE0E9DEA8F1 /* [CP] Embed Pods Frameworks */,
			);
			buildRules = (
			);
			dependencies = (
				DB9E92E21D50524100C150C4 /* PBXTargetDependency */,
			);
			name = "Bangumi M UITests";
			productName = "Bangumi M UITests";
			productReference = DB9E92DC1D50524100C150C4 /* Bangumi M UITests.xctest */;
			productType = "com.apple.product-type.bundle.ui-testing";
		};
		DBBA47C11B060DEA0004BBA2 /* Bangumi M */ = {
			isa = PBXNativeTarget;
			buildConfigurationList = DBBA47E11B060DEA0004BBA2 /* Build configuration list for PBXNativeTarget "Bangumi M" */;
			buildPhases = (
				7C7B9871262317553919C227 /* [CP] Check Pods Manifest.lock */,
				DBBA47BE1B060DEA0004BBA2 /* Sources */,
				DBBA47BF1B060DEA0004BBA2 /* Frameworks */,
				DBBA47C01B060DEA0004BBA2 /* Resources */,
				8368E1EDA903B48C27AB5445 /* [CP] Embed Pods Frameworks */,
				70AA7802892F2C61E825F20F /* [CP] Copy Pods Resources */,
				DB3FC1BD1D33A6950045C339 /* Embed Frameworks */,
				DB657D9F1E74575A009486CB /* ShellScript */,
			);
			buildRules = (
			);
			dependencies = (
			);
			name = "Bangumi M";
			productName = Percolator;
			productReference = DBBA47C21B060DEA0004BBA2 /* Bangumi M.app */;
			productType = "com.apple.product-type.application";
		};
		DBD069611D3676740063708C /* Bangumi M Tests */ = {
			isa = PBXNativeTarget;
			buildConfigurationList = DBD069691D3676740063708C /* Build configuration list for PBXNativeTarget "Bangumi M Tests" */;
			buildPhases = (
				B75833326FA33E9F3FFCD341 /* [CP] Check Pods Manifest.lock */,
				DBD0695E1D3676740063708C /* Sources */,
				DBD0695F1D3676740063708C /* Frameworks */,
				DBD069601D3676740063708C /* Resources */,
				33C6DB310740B867A1E02B9A /* [CP] Embed Pods Frameworks */,
				05A6CA4C855B22C5A3BF13A9 /* [CP] Copy Pods Resources */,
			);
			buildRules = (
			);
			dependencies = (
				DBD069681D3676740063708C /* PBXTargetDependency */,
			);
			name = "Bangumi M Tests";
			productName = "Bangumi M Tests";
			productReference = DBD069621D3676740063708C /* Bangumi M Tests.xctest */;
			productType = "com.apple.product-type.bundle.unit-test";
		};
/* End PBXNativeTarget section */

/* Begin PBXProject section */
		DBBA47BA1B060DEA0004BBA2 /* Project object */ = {
			isa = PBXProject;
			attributes = {
				LastSwiftMigration = 0700;
				LastSwiftUpdateCheck = 0800;
				LastUpgradeCheck = 0820;
				ORGANIZATIONNAME = "Cirno MainasuK";
				TargetAttributes = {
					DB9E92DB1D50524100C150C4 = {
						CreatedOnToolsVersion = 8.0;
						DevelopmentTeam = Z68BDSMP42;
						DevelopmentTeamName = "xu hao";
						LastSwiftMigration = 0800;
						ProvisioningStyle = Automatic;
						TestTargetID = DBBA47C11B060DEA0004BBA2;
					};
					DBBA47C11B060DEA0004BBA2 = {
						CreatedOnToolsVersion = 6.3.1;
						DevelopmentTeam = Z68BDSMP42;
						LastSwiftMigration = 0800;
						ProvisioningStyle = Automatic;
						SystemCapabilities = {
							com.apple.Keychain = {
								enabled = 1;
							};
							com.apple.iCloud = {
								enabled = 0;
							};
						};
					};
					DBD069611D3676740063708C = {
						CreatedOnToolsVersion = 8.0;
						DevelopmentTeam = Z68BDSMP42;
						DevelopmentTeamName = "xu hao";
						LastSwiftMigration = 0800;
						ProvisioningStyle = Automatic;
						TestTargetID = DBBA47C11B060DEA0004BBA2;
					};
				};
			};
			buildConfigurationList = DBBA47BD1B060DEA0004BBA2 /* Build configuration list for PBXProject "Percolator" */;
			compatibilityVersion = "Xcode 3.2";
			developmentRegion = English;
			hasScannedForEncodings = 0;
			knownRegions = (
				en,
				Base,
				"zh-Hans",
			);
			mainGroup = DBBA47B91B060DEA0004BBA2;
			productRefGroup = DBBA47C31B060DEA0004BBA2 /* Products */;
			projectDirPath = "";
			projectRoot = "";
			targets = (
				DBBA47C11B060DEA0004BBA2 /* Bangumi M */,
				DBD069611D3676740063708C /* Bangumi M Tests */,
				DB9E92DB1D50524100C150C4 /* Bangumi M UITests */,
			);
		};
/* End PBXProject section */

/* Begin PBXResourcesBuildPhase section */
		DB9E92DA1D50524100C150C4 /* Resources */ = {
			isa = PBXResourcesBuildPhase;
			buildActionMask = 2147483647;
			files = (
			);
			runOnlyForDeploymentPostprocessing = 0;
		};
		DBBA47C01B060DEA0004BBA2 /* Resources */ = {
			isa = PBXResourcesBuildPhase;
			buildActionMask = 2147483647;
			files = (
				DB3B78941D181C07001A9AF6 /* TopicTableViewHeaderFooterView.xib in Resources */,
				DB22FE161D16E9E6004A082D /* DetailTableViewEPSHeaderFooterView.xib in Resources */,
				DBA29F4E1B8ADCB800ADED27 /* Settings.bundle in Resources */,
				DBBA47CD1B060DEA0004BBA2 /* Main.storyboard in Resources */,
				DBCD90C01D37D02300E7B37C /* Localizable.strings in Resources */,
				DBBA47CF1B060DEA0004BBA2 /* Images.xcassets in Resources */,
			);
			runOnlyForDeploymentPostprocessing = 0;
		};
		DBD069601D3676740063708C /* Resources */ = {
			isa = PBXResourcesBuildPhase;
			buildActionMask = 2147483647;
			files = (
				DBD069701D368ECD0063708C /* Tests.storyboard in Resources */,
			);
			runOnlyForDeploymentPostprocessing = 0;
		};
/* End PBXResourcesBuildPhase section */

/* Begin PBXShellScriptBuildPhase section */
		05A6CA4C855B22C5A3BF13A9 /* [CP] Copy Pods Resources */ = {
			isa = PBXShellScriptBuildPhase;
			buildActionMask = 2147483647;
			files = (
			);
			inputPaths = (
			);
			name = "[CP] Copy Pods Resources";
			outputPaths = (
			);
			runOnlyForDeploymentPostprocessing = 0;
			shellPath = /bin/sh;
			shellScript = "\"${SRCROOT}/Pods/Target Support Files/Pods-Bangumi M Tests/Pods-Bangumi M Tests-resources.sh\"\n";
			showEnvVarsInLog = 0;
		};
		33C6DB310740B867A1E02B9A /* [CP] Embed Pods Frameworks */ = {
			isa = PBXShellScriptBuildPhase;
			buildActionMask = 2147483647;
			files = (
			);
			inputPaths = (
			);
			name = "[CP] Embed Pods Frameworks";
			outputPaths = (
			);
			runOnlyForDeploymentPostprocessing = 0;
			shellPath = /bin/sh;
			shellScript = "\"${SRCROOT}/Pods/Target Support Files/Pods-Bangumi M Tests/Pods-Bangumi M Tests-frameworks.sh\"\n";
			showEnvVarsInLog = 0;
		};
		70AA7802892F2C61E825F20F /* [CP] Copy Pods Resources */ = {
			isa = PBXShellScriptBuildPhase;
			buildActionMask = 2147483647;
			files = (
			);
			inputPaths = (
			);
			name = "[CP] Copy Pods Resources";
			outputPaths = (
			);
			runOnlyForDeploymentPostprocessing = 0;
			shellPath = /bin/sh;
			shellScript = "\"${SRCROOT}/Pods/Target Support Files/Pods-Bangumi M/Pods-Bangumi M-resources.sh\"\n";
			showEnvVarsInLog = 0;
		};
		7C7B9871262317553919C227 /* [CP] Check Pods Manifest.lock */ = {
			isa = PBXShellScriptBuildPhase;
			buildActionMask = 2147483647;
			files = (
			);
			inputPaths = (
			);
			name = "[CP] Check Pods Manifest.lock";
			outputPaths = (
			);
			runOnlyForDeploymentPostprocessing = 0;
			shellPath = /bin/sh;
			shellScript = "diff \"${PODS_PODFILE_DIR_PATH}/Podfile.lock\" \"${PODS_ROOT}/Manifest.lock\" > /dev/null\nif [ $? != 0 ] ; then\n    # print error to STDERR\n    echo \"error: The sandbox is not in sync with the Podfile.lock. Run 'pod install' or update your CocoaPods installation.\" >&2\n    exit 1\nfi\n";
			showEnvVarsInLog = 0;
		};
		8368E1EDA903B48C27AB5445 /* [CP] Embed Pods Frameworks */ = {
			isa = PBXShellScriptBuildPhase;
			buildActionMask = 2147483647;
			files = (
			);
			inputPaths = (
			);
			name = "[CP] Embed Pods Frameworks";
			outputPaths = (
			);
			runOnlyForDeploymentPostprocessing = 0;
			shellPath = /bin/sh;
			shellScript = "\"${SRCROOT}/Pods/Target Support Files/Pods-Bangumi M/Pods-Bangumi M-frameworks.sh\"\n";
			showEnvVarsInLog = 0;
		};
		B75833326FA33E9F3FFCD341 /* [CP] Check Pods Manifest.lock */ = {
			isa = PBXShellScriptBuildPhase;
			buildActionMask = 2147483647;
			files = (
			);
			inputPaths = (
			);
			name = "[CP] Check Pods Manifest.lock";
			outputPaths = (
			);
			runOnlyForDeploymentPostprocessing = 0;
			shellPath = /bin/sh;
			shellScript = "diff \"${PODS_PODFILE_DIR_PATH}/Podfile.lock\" \"${PODS_ROOT}/Manifest.lock\" > /dev/null\nif [ $? != 0 ] ; then\n    # print error to STDERR\n    echo \"error: The sandbox is not in sync with the Podfile.lock. Run 'pod install' or update your CocoaPods installation.\" >&2\n    exit 1\nfi\n";
			showEnvVarsInLog = 0;
		};
		B82D4450F1EF0B08BFC8CD9D /* [CP] Check Pods Manifest.lock */ = {
			isa = PBXShellScriptBuildPhase;
			buildActionMask = 2147483647;
			files = (
			);
			inputPaths = (
			);
			name = "[CP] Check Pods Manifest.lock";
			outputPaths = (
			);
			runOnlyForDeploymentPostprocessing = 0;
			shellPath = /bin/sh;
			shellScript = "diff \"${PODS_PODFILE_DIR_PATH}/Podfile.lock\" \"${PODS_ROOT}/Manifest.lock\" > /dev/null\nif [ $? != 0 ] ; then\n    # print error to STDERR\n    echo \"error: The sandbox is not in sync with the Podfile.lock. Run 'pod install' or update your CocoaPods installation.\" >&2\n    exit 1\nfi\n";
			showEnvVarsInLog = 0;
		};
		C4D770453744952AA9C24EEF /* [CP] Copy Pods Resources */ = {
			isa = PBXShellScriptBuildPhase;
			buildActionMask = 2147483647;
			files = (
			);
			inputPaths = (
			);
			name = "[CP] Copy Pods Resources";
			outputPaths = (
			);
			runOnlyForDeploymentPostprocessing = 0;
			shellPath = /bin/sh;
			shellScript = "\"${SRCROOT}/Pods/Target Support Files/Pods-Bangumi M UITests/Pods-Bangumi M UITests-resources.sh\"\n";
			showEnvVarsInLog = 0;
		};
		C8C97043CA577AE0E9DEA8F1 /* [CP] Embed Pods Frameworks */ = {
			isa = PBXShellScriptBuildPhase;
			buildActionMask = 2147483647;
			files = (
			);
			inputPaths = (
			);
			name = "[CP] Embed Pods Frameworks";
			outputPaths = (
			);
			runOnlyForDeploymentPostprocessing = 0;
			shellPath = /bin/sh;
			shellScript = "\"${SRCROOT}/Pods/Target Support Files/Pods-Bangumi M UITests/Pods-Bangumi M UITests-frameworks.sh\"\n";
			showEnvVarsInLog = 0;
		};
		DB657D9F1E74575A009486CB /* ShellScript */ = {
			isa = PBXShellScriptBuildPhase;
			buildActionMask = 2147483647;
			files = (
			);
			inputPaths = (
			);
			outputPaths = (
			);
			runOnlyForDeploymentPostprocessing = 0;
			shellPath = /bin/sh;
			shellScript = "if which swiftlint >/dev/null; then\n    swiftlint\nelse\n    echo \"warning: SwiftLint not installed, download from https://github.com/realm/SwiftLint\"\nfi";
		};
		DBFB286D1D50D3BB00C43E75 /* ShellScript */ = {
			isa = PBXShellScriptBuildPhase;
			buildActionMask = 2147483647;
			files = (
			);
			inputPaths = (
			);
			outputPaths = (
			);
			runOnlyForDeploymentPostprocessing = 0;
			shellPath = /bin/sh;
			shellScript = "\"${SRCROOT}/Pods/Target Support Files/Pods-Bangumi M UITests/Pods-Bangumi M UITests-frameworks.sh\"\n";
			showEnvVarsInLog = 0;
		};
/* End PBXShellScriptBuildPhase section */

/* Begin PBXSourcesBuildPhase section */
		DB9E92D81D50524100C150C4 /* Sources */ = {
			isa = PBXSourcesBuildPhase;
			buildActionMask = 2147483647;
			files = (
				DB9E92DF1D50524100C150C4 /* Bangumi_M_UITests.swift in Sources */,
			);
			runOnlyForDeploymentPostprocessing = 0;
		};
		DBBA47BE1B060DEA0004BBA2 /* Sources */ = {
			isa = PBXSourcesBuildPhase;
			buildActionMask = 2147483647;
			files = (
				DB8EA45C1D3F415400348A6C /* DetailTableViewCell.swift in Sources */,
				DB0BC8061D11B6450091ECE0 /* UIApplication.swift in Sources */,
				DBD7A9881D56D08500BCA329 /* PercolatorAlertController.swift in Sources */,
				DB22FE101D16ADE4004A082D /* DetailTableViewMoreSubjectCell.swift in Sources */,
				DBD0695B1D3635EE0063708C /* ConfigurableCell.swift in Sources */,
				DB5021831D3FCDC100148C8F /* BangumiRequest+Progress.swift in Sources */,
				DB3FC1A81D339B780045C339 /* BangumiRequest.swift in Sources */,
				DBE2B9611D405F7C00F677DE /* BangumiRequest+EP.swift in Sources */,
				DB3A232E1D45FB9D00D70DFF /* TopicTableViewModel.swift in Sources */,
				DBAEE4AE1D44AA97008DE0C6 /* Collection.swift in Sources */,
				DB3B78921D181BF9001A9AF6 /* TopicTableViewHeaderFooterView.swift in Sources */,
				DBD91C4B1D44546E007AFA80 /* DetailTableViewBannerCellDelegate.swift in Sources */,
				DB7D135F1D18E89300ACA94B /* SubjectCollectionViewLayoutAttributes.swift in Sources */,
				DBEF114E1D379C5B00E7A0D7 /* BangumiRequest+Login.swift in Sources */,
				DB7560971D4B1805005A5046 /* Crt.swift in Sources */,
				DB1AAB011D33EEA500EE7727 /* Result.swift in Sources */,
				DBEF11331D3743DF00E7A0D7 /* CoreDataStack.swift in Sources */,
				DB1AAAFF1D33DE9500EE7727 /* UINavigationController.swift in Sources */,
				DB7E288C1D3BC98B00B529CA /* BangumiRequest+Collection.swift in Sources */,
				DBAD79231D39477E00CCB8AE /* ErrorProtocol.swift in Sources */,
				DB80F0051D35BF44007DEF09 /* Reachability.m in Sources */,
				DBB86A151D4504AE00FBB87B /* SubjectCollectionViewModel.swift in Sources */,
				DB7D13651D192F1D00ACA94B /* SubjectCollectionReusableHeaderView.swift in Sources */,
				DBBB52581D47B5CA008A1617 /* SubjectWrapper.swift in Sources */,
				DBE1C80D1D3C691B0086B83D /* UIFont.swift in Sources */,
				DB22FE121D16CB01004A082D /* DetailTableViewEPSCell.swift in Sources */,
				DBD7A9861D56C80B00BCA329 /* BangumiRequest+URL.swift in Sources */,
				DBEF11441D377A7A00E7A0D7 /* TableViewDataSource.swift in Sources */,
				DBA3A1EA1D3FC5AD00365553 /* NetworkSpinner.swift in Sources */,
				DB6B1BCB1D182F390005CAE6 /* SubjectCollectionViewController.swift in Sources */,
				DB3159721D139CD5007B280E /* SearchBoxTabelViewCell.swift in Sources */,
				DB22FE141D16E97C004A082D /* DetailTableViewEPSHeaderFooterView.swift in Sources */,
				DB3159731D13D8DD007B280E /* DetailTableViewController.swift in Sources */,
				DB9D24FA1D35CCF500269DFE /* UIImage.swift in Sources */,
				DBA4C9121D16A41C0043EDED /* DetailTableViewMoreTopicCell.swift in Sources */,
				DB80EFF91D34FC94007DEF09 /* Images.swift in Sources */,
				DB7D13631D18F25700ACA94B /* SubjectCollectionViewLayout.swift in Sources */,
				DB0BC8051D1197FE0091ECE0 /* AnimeListTableViewCell.swift in Sources */,
				DB88206C1D3F19CC009031AE /* DetailTableViewModel.swift in Sources */,
				DB0DA60E1D430EF3005F4E01 /* AnimeListTableViewCellDelegate.swift in Sources */,
				DB80EFFD1D3500D0007DEF09 /* Rating.swift in Sources */,
				DB80EFF11D34AEFF007DEF09 /* Delay.swift in Sources */,
				DB7D87F81D178D5000885937 /* TopicTableViewCell.swift in Sources */,
				DB83E2781B0F854D007BE039 /* PercolatorKey.swift in Sources */,
				DB7560961D4B1086005A5046 /* DetailTableViewCell+CollectionView.swift in Sources */,
				DB88206E1D3F1E91009031AE /* Episode.swift in Sources */,
				DB7E288E1D3BE47A00B529CA /* TransitionDelegate.swift in Sources */,
				DBD2D57C1B84AEB300EED59A /* BangumiAPI.swift in Sources */,
				DBEF11401D37748D00E7A0D7 /* DataSource.swift in Sources */,
				DB82D9871D67F9360005474F /* DispatchQueue.swift in Sources */,
				DB7560981D4B1843005A5046 /* Staff.swift in Sources */,
				DB0BC8041D1195FD0091ECE0 /* AnimeListTableViewController.swift in Sources */,
				DB6B1BCF1D182F6F0005CAE6 /* SubjectCollectionViewNotBookCell.swift in Sources */,
				DBBB52531D47AE6E008A1617 /* SaveActivity.swift in Sources */,
				DB5B04421B85E7DD0074C80E /* CollectInfo.swift in Sources */,
				DB5B042C1B85E56F0074C80E /* Avatar.swift in Sources */,
				DBFBCB811B63157E001F3CD1 /* UIColor.swift in Sources */,
				DB2C7B251D45AC8500386366 /* ConfigurableHeader.swift in Sources */,
				DBEF11521D379D6900E7A0D7 /* BangumiRequest+Error.swift in Sources */,
				DBBB52551D47AE7D008A1617 /* DeleteActivity.swift in Sources */,
				DBEF11351D37469300E7A0D7 /* NSURL.swift in Sources */,
				DB6B1BCD1D182F570005CAE6 /* SubjectCollectionViewBookCell.swift in Sources */,
				DB7C24AD1D42F98D00A1A9BC /* DetailTableViewEPSCellDelegate.swift in Sources */,
				DB7A352A1D37F14600FADA6C /* UISearchController.swift in Sources */,
				DB7D87F61D17894B00885937 /* TopicTableViewController.swift in Sources */,
				DB38795F1D44302E0022AD93 /* TagWriteView.swift in Sources */,
				DBEF11501D379CD200E7A0D7 /* BangumiRequest+Search.swift in Sources */,
				DBAD9BCE1D3F6BBE00206ACE /* BangumiRequest+Subject.swift in Sources */,
				DBE1C8111D3C7F060086B83D /* SVProgress+Style.swift in Sources */,
				DB1AAB021D33F92600EE7727 /* User.swift in Sources */,
				DBD0695D1D36601C0063708C /* ConsolePrint.swift in Sources */,
				DBEF11461D377A8400E7A0D7 /* CollectionViewDataSource.swift in Sources */,
				DBEF11481D37866800E7A0D7 /* SearchBoxTableViewModel.swift in Sources */,
				DBE1C80F1D3C73820086B83D /* String.swift in Sources */,
				DB5021851D3FCEF700148C8F /* Progress.swift in Sources */,
				DB7D13611D18E96D00ACA94B /* SubjectCollectionReusableView.swift in Sources */,
				DB7E287C1D3B68F500B529CA /* AnimeListTableViewModel.swift in Sources */,
				DB1AAAFD1D33D39100EE7727 /* LoginViewController.swift in Sources */,
				DB7D87F41D16FC0F00885937 /* DetailTableView.swift in Sources */,
				DB8BCA281D3A89E8003FB83E /* CGPoint.swift in Sources */,
				DB0B6B081D1632EE007AA8AE /* DetailTableViewBannerCell.swift in Sources */,
				DBD91C491D444D94007AFA80 /* CollectTableViewController.swift in Sources */,
				DBE1C80B1D3C533A0086B83D /* UILabel.swift in Sources */,
				DB026CE81D37372C0023A507 /* Percolator.xcdatamodeld in Sources */,
				DB3159711D139C06007B280E /* SearchBoxTableViewController.swift in Sources */,
				DBC3A19B1D4B42710016346E /* Actor.swift in Sources */,
				DBEF113E1D37678800E7A0D7 /* DataProvider.swift in Sources */,
				DBA4C90E1D168E8F0043EDED /* CMKCollectButton.swift in Sources */,
				DB5B04391B85E6B90074C80E /* BangumiKey.swift in Sources */,
				DB0A43321F2E22FB00010030 /* LoginViewPresentTransition.swift in Sources */,
				DBCD90BD1D37CDC200E7B37C /* UIAlertController.swift in Sources */,
				DBA480D51D451181004AAF6E /* SubjectCollectionViewCell.swift in Sources */,
				DB80EFF71D34E70E007DEF09 /* Subject.swift in Sources */,
				DBC57A8F1D477167002C4DF2 /* CDSubject.swift in Sources */,
				DB0BC8031D1194870091ECE0 /* AppDelegate.swift in Sources */,
			);
			runOnlyForDeploymentPostprocessing = 0;
		};
		DBD0695E1D3676740063708C /* Sources */ = {
			isa = PBXSourcesBuildPhase;
			buildActionMask = 2147483647;
			files = (
				DB61BED61D45EC7500D18F2B /* Parser.swift in Sources */,
				DBEF11371D374F8000E7A0D7 /* BangumiRequestLoginTest.swift in Sources */,
				DBD069651D3676740063708C /* Bangumi_M_Tests.swift in Sources */,
				DB044F771D37DE7F00CB79FB /* TableViewDataSource+DataProvider.swift in Sources */,
				DB7E28851D3BA25600B529CA /* KeychainAsscessTests.swift in Sources */,
			);
			runOnlyForDeploymentPostprocessing = 0;
		};
/* End PBXSourcesBuildPhase section */

/* Begin PBXTargetDependency section */
		DB9E92E21D50524100C150C4 /* PBXTargetDependency */ = {
			isa = PBXTargetDependency;
			target = DBBA47C11B060DEA0004BBA2 /* Bangumi M */;
			targetProxy = DB9E92E11D50524100C150C4 /* PBXContainerItemProxy */;
		};
		DBD069681D3676740063708C /* PBXTargetDependency */ = {
			isa = PBXTargetDependency;
			target = DBBA47C11B060DEA0004BBA2 /* Bangumi M */;
			targetProxy = DBD069671D3676740063708C /* PBXContainerItemProxy */;
		};
/* End PBXTargetDependency section */

/* Begin PBXVariantGroup section */
		DBBA47CB1B060DEA0004BBA2 /* Main.storyboard */ = {
			isa = PBXVariantGroup;
			children = (
				DBBA47CC1B060DEA0004BBA2 /* Base */,
				DBEF7D0D1D5227FE00B60E2C /* zh-Hans */,
			);
			name = Main.storyboard;
			sourceTree = "<group>";
		};
		DBCD90C21D37D02300E7B37C /* Localizable.strings */ = {
			isa = PBXVariantGroup;
			children = (
				DBCD90C31D37D02900E7B37C /* en */,
				DBEF7D0E1D5227FE00B60E2C /* zh-Hans */,
			);
			name = Localizable.strings;
			sourceTree = "<group>";
		};
/* End PBXVariantGroup section */

/* Begin XCBuildConfiguration section */
		DB9E92E31D50524100C150C4 /* Debug */ = {
			isa = XCBuildConfiguration;
			baseConfigurationReference = 1B559F211ADB84B5BE2FF9DA /* Pods-Bangumi M UITests.debug.xcconfig */;
			buildSettings = {
				ALWAYS_EMBED_SWIFT_STANDARD_LIBRARIES = "$(inherited)";
				DEBUG_INFORMATION_FORMAT = dwarf;
				INFOPLIST_FILE = "Bangumi M UITests/Info.plist";
				IPHONEOS_DEPLOYMENT_TARGET = 10.0;
				PRODUCT_NAME = "$(TARGET_NAME)";
				SWIFT_ACTIVE_COMPILATION_CONDITIONS = DEBUG;
				SWIFT_VERSION = 3.0;
				TEST_TARGET_NAME = "Bangumi M";
			};
			name = Debug;
		};
		DB9E92E41D50524100C150C4 /* Release */ = {
			isa = XCBuildConfiguration;
			baseConfigurationReference = 132D057987CE247875843067 /* Pods-Bangumi M UITests.release.xcconfig */;
			buildSettings = {
				ALWAYS_EMBED_SWIFT_STANDARD_LIBRARIES = "$(inherited)";
				INFOPLIST_FILE = "Bangumi M UITests/Info.plist";
				IPHONEOS_DEPLOYMENT_TARGET = 10.0;
				PRODUCT_NAME = "$(TARGET_NAME)";
				SWIFT_OPTIMIZATION_LEVEL = "-Owholemodule";
				SWIFT_VERSION = 3.0;
				TEST_TARGET_NAME = "Bangumi M";
			};
			name = Release;
		};
		DBBA47DF1B060DEA0004BBA2 /* Debug */ = {
			isa = XCBuildConfiguration;
			buildSettings = {
				ALWAYS_EMBED_SWIFT_STANDARD_LIBRARIES = "$(inherited)";
				ALWAYS_SEARCH_USER_PATHS = NO;
				CLANG_ANALYZER_LOCALIZABILITY_NONLOCALIZED = YES;
				CLANG_CXX_LANGUAGE_STANDARD = "gnu++0x";
				CLANG_CXX_LIBRARY = "libc++";
				CLANG_ENABLE_MODULES = YES;
				CLANG_ENABLE_OBJC_ARC = YES;
				CLANG_WARN_BOOL_CONVERSION = YES;
				CLANG_WARN_CONSTANT_CONVERSION = YES;
				CLANG_WARN_DIRECT_OBJC_ISA_USAGE = YES_ERROR;
				CLANG_WARN_EMPTY_BODY = YES;
				CLANG_WARN_ENUM_CONVERSION = YES;
				CLANG_WARN_INFINITE_RECURSION = YES;
				CLANG_WARN_INT_CONVERSION = YES;
				CLANG_WARN_OBJC_ROOT_CLASS = YES_ERROR;
				CLANG_WARN_SUSPICIOUS_MOVE = YES;
				CLANG_WARN_UNREACHABLE_CODE = YES;
				CLANG_WARN__DUPLICATE_METHOD_MATCH = YES;
				"CODE_SIGN_IDENTITY[sdk=iphoneos*]" = "iPhone Developer";
				COPY_PHASE_STRIP = NO;
				DEBUG_INFORMATION_FORMAT = "dwarf-with-dsym";
				ENABLE_STRICT_OBJC_MSGSEND = YES;
				ENABLE_TESTABILITY = YES;
				GCC_C_LANGUAGE_STANDARD = gnu99;
				GCC_DYNAMIC_NO_PIC = NO;
				GCC_NO_COMMON_BLOCKS = YES;
				GCC_OPTIMIZATION_LEVEL = 0;
				GCC_PREPROCESSOR_DEFINITIONS = (
					"DEBUG=1",
					"$(inherited)",
				);
				GCC_SYMBOLS_PRIVATE_EXTERN = NO;
				GCC_WARN_64_TO_32_BIT_CONVERSION = YES;
				GCC_WARN_ABOUT_RETURN_TYPE = YES_ERROR;
				GCC_WARN_UNDECLARED_SELECTOR = YES;
				GCC_WARN_UNINITIALIZED_AUTOS = YES_AGGRESSIVE;
				GCC_WARN_UNUSED_FUNCTION = YES;
				GCC_WARN_UNUSED_VARIABLE = YES;
				IPHONEOS_DEPLOYMENT_TARGET = 10.0;
				MTL_ENABLE_DEBUG_INFO = YES;
				ONLY_ACTIVE_ARCH = YES;
				OTHER_SWIFT_FLAGS = "";
				PRODUCT_NAME = "";
				SDKROOT = iphoneos;
				SWIFT_OPTIMIZATION_LEVEL = "-Onone";
				SWIFT_VERSION = 3.0;
			};
			name = Debug;
		};
		DBBA47E01B060DEA0004BBA2 /* Release */ = {
			isa = XCBuildConfiguration;
			buildSettings = {
				ALWAYS_EMBED_SWIFT_STANDARD_LIBRARIES = "$(inherited)";
				ALWAYS_SEARCH_USER_PATHS = NO;
				CLANG_ANALYZER_LOCALIZABILITY_NONLOCALIZED = YES;
				CLANG_CXX_LANGUAGE_STANDARD = "gnu++0x";
				CLANG_CXX_LIBRARY = "libc++";
				CLANG_ENABLE_MODULES = YES;
				CLANG_ENABLE_OBJC_ARC = YES;
				CLANG_WARN_BOOL_CONVERSION = YES;
				CLANG_WARN_CONSTANT_CONVERSION = YES;
				CLANG_WARN_DIRECT_OBJC_ISA_USAGE = YES_ERROR;
				CLANG_WARN_EMPTY_BODY = YES;
				CLANG_WARN_ENUM_CONVERSION = YES;
				CLANG_WARN_INFINITE_RECURSION = YES;
				CLANG_WARN_INT_CONVERSION = YES;
				CLANG_WARN_OBJC_ROOT_CLASS = YES_ERROR;
				CLANG_WARN_SUSPICIOUS_MOVE = YES;
				CLANG_WARN_UNREACHABLE_CODE = YES;
				CLANG_WARN__DUPLICATE_METHOD_MATCH = YES;
				"CODE_SIGN_IDENTITY[sdk=iphoneos*]" = "iPhone Developer";
				COPY_PHASE_STRIP = NO;
				DEBUG_INFORMATION_FORMAT = "dwarf-with-dsym";
				ENABLE_NS_ASSERTIONS = NO;
				ENABLE_STRICT_OBJC_MSGSEND = YES;
				GCC_C_LANGUAGE_STANDARD = gnu99;
				GCC_NO_COMMON_BLOCKS = YES;
				GCC_WARN_64_TO_32_BIT_CONVERSION = YES;
				GCC_WARN_ABOUT_RETURN_TYPE = YES_ERROR;
				GCC_WARN_UNDECLARED_SELECTOR = YES;
				GCC_WARN_UNINITIALIZED_AUTOS = YES_AGGRESSIVE;
				GCC_WARN_UNUSED_FUNCTION = YES;
				GCC_WARN_UNUSED_VARIABLE = YES;
				IPHONEOS_DEPLOYMENT_TARGET = 10.0;
				MTL_ENABLE_DEBUG_INFO = NO;
				PRODUCT_NAME = "";
				SDKROOT = iphoneos;
				SWIFT_VERSION = 3.0;
				VALIDATE_PRODUCT = YES;
			};
			name = Release;
		};
		DBBA47E21B060DEA0004BBA2 /* Debug */ = {
			isa = XCBuildConfiguration;
			baseConfigurationReference = A341A87A1F6A79DEC81B42B0 /* Pods-Bangumi M.debug.xcconfig */;
			buildSettings = {
				ALWAYS_EMBED_SWIFT_STANDARD_LIBRARIES = "$(inherited)";
				ASSETCATALOG_COMPILER_APPICON_NAME = "Bangumi M";
				CLANG_ENABLE_MODULES = YES;
				CODE_SIGN_ENTITLEMENTS = "Bangumi M.entitlements";
				CODE_SIGN_IDENTITY = "iPhone Developer";
				"CODE_SIGN_IDENTITY[sdk=iphoneos*]" = "iPhone Developer";
				DEVELOPMENT_TEAM = Z68BDSMP42;
				INFOPLIST_FILE = Percolator/Info.plist;
				IPHONEOS_DEPLOYMENT_TARGET = 10.0;
				LD_RUNPATH_SEARCH_PATHS = "$(inherited) @executable_path/Frameworks";
				"OTHER_SWIFT_FLAGS[arch=*]" = "$(inherited) \"-D\" \"DEBUG\"";
				PRODUCT_BUNDLE_IDENTIFIER = "com.mainasuk.$(PRODUCT_NAME:rfc1034identifier)";
				PRODUCT_NAME = "$(TARGET_NAME)";
				PROVISIONING_PROFILE = "";
				PROVISIONING_PROFILE_SPECIFIER = "";
				RUN_CLANG_STATIC_ANALYZER = YES;
				SWIFT_OBJC_BRIDGING_HEADER = "Percolator/Percolator-Bridging-Header.h";
				SWIFT_OPTIMIZATION_LEVEL = "-Onone";
				SWIFT_VERSION = 3.0;
				TARGETED_DEVICE_FAMILY = "1,2";
			};
			name = Debug;
		};
		DBBA47E31B060DEA0004BBA2 /* Release */ = {
			isa = XCBuildConfiguration;
			baseConfigurationReference = 7EFB831DCE065645C982A805 /* Pods-Bangumi M.release.xcconfig */;
			buildSettings = {
				ALWAYS_EMBED_SWIFT_STANDARD_LIBRARIES = "$(inherited)";
				ASSETCATALOG_COMPILER_APPICON_NAME = "Bangumi M";
				CLANG_ENABLE_MODULES = YES;
				CODE_SIGN_ENTITLEMENTS = "Bangumi M.entitlements";
				CODE_SIGN_IDENTITY = "iPhone Developer";
				"CODE_SIGN_IDENTITY[sdk=iphoneos*]" = "iPhone Developer";
				DEVELOPMENT_TEAM = Z68BDSMP42;
				GCC_OPTIMIZATION_LEVEL = s;
				INFOPLIST_FILE = Percolator/Info.plist;
				IPHONEOS_DEPLOYMENT_TARGET = 10.0;
				LD_RUNPATH_SEARCH_PATHS = "$(inherited) @executable_path/Frameworks";
				PRODUCT_BUNDLE_IDENTIFIER = "com.mainasuk.$(PRODUCT_NAME:rfc1034identifier)";
				PRODUCT_NAME = "$(TARGET_NAME)";
				PROVISIONING_PROFILE = "";
				PROVISIONING_PROFILE_SPECIFIER = "";
				RUN_CLANG_STATIC_ANALYZER = YES;
				SWIFT_OBJC_BRIDGING_HEADER = "Percolator/Percolator-Bridging-Header.h";
				SWIFT_OPTIMIZATION_LEVEL = "-Owholemodule";
				SWIFT_VERSION = 3.0;
				TARGETED_DEVICE_FAMILY = "1,2";
			};
			name = Release;
		};
		DBD0696A1D3676740063708C /* Debug */ = {
			isa = XCBuildConfiguration;
			baseConfigurationReference = 2F25F777FF922D757C69B782 /* Pods-Bangumi M Tests.debug.xcconfig */;
			buildSettings = {
				ALWAYS_EMBED_SWIFT_STANDARD_LIBRARIES = "$(inherited)";
				DEBUG_INFORMATION_FORMAT = dwarf;
				INFOPLIST_FILE = "Bangumi M Tests/Info.plist";
				PRODUCT_NAME = "$(TARGET_NAME)";
				SWIFT_ACTIVE_COMPILATION_CONDITIONS = DEBUG;
				SWIFT_OBJC_BRIDGING_HEADER = "Percolator/Percolator-Bridging-Header.h";
				SWIFT_VERSION = 3.0;
				TEST_HOST = "$(BUILT_PRODUCTS_DIR)/Bangumi M.app/Bangumi M";
			};
			name = Debug;
		};
		DBD0696B1D3676740063708C /* Release */ = {
			isa = XCBuildConfiguration;
			baseConfigurationReference = F9E323AA3257E0E29659EF8E /* Pods-Bangumi M Tests.release.xcconfig */;
			buildSettings = {
				ALWAYS_EMBED_SWIFT_STANDARD_LIBRARIES = "$(inherited)";
				INFOPLIST_FILE = "Bangumi M Tests/Info.plist";
				PRODUCT_NAME = "$(TARGET_NAME)";
				SWIFT_OBJC_BRIDGING_HEADER = "Percolator/Percolator-Bridging-Header.h";
				SWIFT_OPTIMIZATION_LEVEL = "-Owholemodule";
				SWIFT_VERSION = 3.0;
				TEST_HOST = "$(BUILT_PRODUCTS_DIR)/Bangumi M.app/Bangumi M";
			};
			name = Release;
		};
/* End XCBuildConfiguration section */

/* Begin XCConfigurationList section */
		DB9E92E51D50524100C150C4 /* Build configuration list for PBXNativeTarget "Bangumi M UITests" */ = {
			isa = XCConfigurationList;
			buildConfigurations = (
				DB9E92E31D50524100C150C4 /* Debug */,
				DB9E92E41D50524100C150C4 /* Release */,
			);
			defaultConfigurationIsVisible = 0;
			defaultConfigurationName = Release;
		};
		DBBA47BD1B060DEA0004BBA2 /* Build configuration list for PBXProject "Percolator" */ = {
			isa = XCConfigurationList;
			buildConfigurations = (
				DBBA47DF1B060DEA0004BBA2 /* Debug */,
				DBBA47E01B060DEA0004BBA2 /* Release */,
			);
			defaultConfigurationIsVisible = 0;
			defaultConfigurationName = Release;
		};
		DBBA47E11B060DEA0004BBA2 /* Build configuration list for PBXNativeTarget "Bangumi M" */ = {
			isa = XCConfigurationList;
			buildConfigurations = (
				DBBA47E21B060DEA0004BBA2 /* Debug */,
				DBBA47E31B060DEA0004BBA2 /* Release */,
			);
			defaultConfigurationIsVisible = 0;
			defaultConfigurationName = Release;
		};
		DBD069691D3676740063708C /* Build configuration list for PBXNativeTarget "Bangumi M Tests" */ = {
			isa = XCConfigurationList;
			buildConfigurations = (
				DBD0696A1D3676740063708C /* Debug */,
				DBD0696B1D3676740063708C /* Release */,
			);
			defaultConfigurationIsVisible = 0;
			defaultConfigurationName = Release;
		};
/* End XCConfigurationList section */

/* Begin XCVersionGroup section */
		DB026CE61D37372C0023A507 /* Percolator.xcdatamodeld */ = {
			isa = XCVersionGroup;
			children = (
				DB026CE71D37372C0023A507 /* Percolator.xcdatamodel */,
			);
			currentVersion = DB026CE71D37372C0023A507 /* Percolator.xcdatamodel */;
			path = Percolator.xcdatamodeld;
			sourceTree = "<group>";
			versionGroupType = wrapper.xcdatamodel;
		};
/* End XCVersionGroup section */
	};
	rootObject = DBBA47BA1B060DEA0004BBA2 /* Project object */;
}
