PODS:
  - Alamofire (4.0.0)
  - AlamofireImage (2.4.1):
    - Alamofire (~> 4.0)
  - Canvas (0.1.2)
  - Cosmos (3.0.0)
  - Kanna (1.0.6)
  - KeychainAccess (2.3.6)
  - MGSwipeTableCell (1.5.5)
  - MJRefresh (3.1.12)
  - OHHTTPStubs (5.1.0):
    - OHHTTPStubs/Default (= 5.1.0)
  - OHHTTPStubs/Core (5.1.0)
  - OHHTTPStubs/Default (5.1.0):
    - OHHTTPStubs/Core
    - OHHTTPStubs/JSON
    - OHHTTPStubs/NSURLSession
    - OHHTTPStubs/OHPathHelpers
  - OHHTTPStubs/JSON (5.1.0):
    - OHHTTPStubs/Core
  - OHHTTPStubs/NSURLSession (5.1.0):
    - OHHTTPStubs/Core
  - OHHTTPStubs/OHPathHelpers (5.1.0)
  - SimulatorStatusMagic (1.8)
  - SVProgressHUD (2.0.3)
  - SwiftyJSON (2.3.2)
  - UITextField+Shake (1.1.2)

DEPENDENCIES:
  - Alamofire (from `https://github.com/Alamofire/Alamofire.git`, branch `swift3`)
  - AlamofireImage (from `https://github.com/kemchenj/AlamofireImage.git`, branch `swift3`)
  - Canvas
  - Cosmos (~> 3.0)
  - Kanna (from `https://github.com/tid-kijyun/Kanna`, branch `swift3.0`)
  - KeychainAccess (from `https://github.com/kishikawakatsumi/KeychainAccess.git`, branch `swift-3.0`)
  - MGSwipeTableCell
  - MJRefresh
  - OHHTTPStubs
  - SimulatorStatusMagic
  - SVProgressHUD
  - SwiftyJSON (from `https://github.com/SwiftyJSON/SwiftyJSON.git`, branch `swift3`)
  - UITextField+Shake (~> 1.1)

EXTERNAL SOURCES:
  Alamofire:
    :branch: swift3
    :git: https://github.com/Alamofire/Alamofire.git
  AlamofireImage:
    :branch: swift3
    :git: https://github.com/kemchenj/AlamofireImage.git
  Kanna:
    :branch: swift3.0
    :git: https://github.com/tid-kijyun/Kanna
  KeychainAccess:
    :branch: swift-3.0
    :git: https://github.com/kishikawakatsumi/KeychainAccess.git
  SwiftyJSON:
    :branch: swift3
    :git: https://github.com/SwiftyJSON/SwiftyJSON.git

CHECKOUT OPTIONS:
  Alamofire:
    :commit: 1dc3992a3854ca369368c8997ea3c45054070e67
    :git: https://github.com/Alamofire/Alamofire.git
  AlamofireImage:
    :commit: 6bbed1f025c14cb9afebed557a9e8ecc63680267
    :git: https://github.com/kemchenj/AlamofireImage.git
  Kanna:
    :commit: ecc112494ca81ad1f8bc3ddd136ad78d09dd2e1b
    :git: https://github.com/tid-kijyun/Kanna
  KeychainAccess:
    :commit: fe19b69ec5d4698898c7807daba8eaf5a8dde335
    :git: https://github.com/kishikawakatsumi/KeychainAccess.git
  SwiftyJSON:
    :commit: 1a9755949a652967dc2986cd7f4653496e556715
    :git: https://github.com/SwiftyJSON/SwiftyJSON.git

SPEC CHECKSUMS:
  Alamofire: fef59f00388f267e52d9b432aa5d93dc97190f14
  AlamofireImage: a9d41abab7a16db8d53d6fdff5b4cca8cc9dc894
  Canvas: eb861e3b555d032648146c8ffda1a5dea40059ca
  Cosmos: df6d24193f3aa04e42eaf52d943361b778b3ce90
  Kanna: 9f30945bbd293a609f698ea164687ccc0990ff60
  KeychainAccess: 7f10e2ef998ddf954a64d5d608be08677774684d
  MGSwipeTableCell: bafeb5f351124544c9364ecbdf24c7b06a37d340
  MJRefresh: b96cdb21c4aa75a7b07654311ab2f315c497e806
  OHHTTPStubs: 592f74439d2d72615115cf99a954237a3fbe26e5
  SimulatorStatusMagic: 4dbf0faa0208e9ac0d56cea06eaa5f7a5f3d02fb
  SVProgressHUD: b0830714205bea1317ea1a2ebc71e5633af334d4
  SwiftyJSON: 04ccea08915aa0109039157c7974cf0298da292a
  UITextField+Shake: 47cc0429dafb3da580686339ad2da091249a8ea2

PODFILE CHECKSUM: 2e1e029bdb0364821184b3d9d1190a8c3c46ad3f

COCOAPODS: 1.0.1
